// !$*UTF8*$!
{
	archiveVersion = 1;
	classes = {
	};
	objectVersion = 56;
	objects = {

/* Begin PBXBuildFile section */
		B22173731B4E78881380B477 /* Pods_RecetasApp.framework in Frameworks */ = {isa = PBXBuildFile; fileRef = 88BCC6FB7DD78B170450BDF4 /* Pods_RecetasApp.framework */; };
		EC55BE7A2652B09D5E5C546C /* Pods_RecetasApp_RecetasAppUITests.framework in Frameworks */ = {isa = PBXBuildFile; fileRef = B0966A8942322BBFF09E3CB8 /* Pods_RecetasApp_RecetasAppUITests.framework */; };
		FA13D81C2C6158C500EE623D /* HomeScreenView.swift in Sources */ = {isa = PBXBuildFile; fileRef = FA13D81B2C6158C500EE623D /* HomeScreenView.swift */; };
		FA6483E22C6196A0001C4722 /* RecetasWebService.swift in Sources */ = {isa = PBXBuildFile; fileRef = FA6483E12C6196A0001C4722 /* RecetasWebService.swift */; };
		FA6483E72C619853001C4722 /* RecetaResponse.swift in Sources */ = {isa = PBXBuildFile; fileRef = FA6483E62C619853001C4722 /* RecetaResponse.swift */; };
		FA6483E92C619CC0001C4722 /* ErrorResponse.swift in Sources */ = {isa = PBXBuildFile; fileRef = FA6483E82C619CC0001C4722 /* ErrorResponse.swift */; };
		FA6483EE2C619E61001C4722 /* RecetaRepository.swift in Sources */ = {isa = PBXBuildFile; fileRef = FA6483ED2C619E61001C4722 /* RecetaRepository.swift */; };
		FA6483F02C619F6B001C4722 /* Receta.swift in Sources */ = {isa = PBXBuildFile; fileRef = FA6483EF2C619F6B001C4722 /* Receta.swift */; };
		FA6CDF022C6674AE000FB5DA /* SharedRecetaViewModel.swift in Sources */ = {isa = PBXBuildFile; fileRef = FA6CDF012C6674AE000FB5DA /* SharedRecetaViewModel.swift */; };
		FA6DE1B62C6E63E500AB425D /* PHImagePickerView.swift in Sources */ = {isa = PBXBuildFile; fileRef = FA6DE1B52C6E63E500AB425D /* PHImagePickerView.swift */; };
		FA6E73D42C6275A1000E84EE /* RecetaCard.swift in Sources */ = {isa = PBXBuildFile; fileRef = FA6E73D32C6275A1000E84EE /* RecetaCard.swift */; };
		FA6FC87A2C62E41B003A6726 /* PrincipalRootView.swift in Sources */ = {isa = PBXBuildFile; fileRef = FA6FC8792C62E41B003A6726 /* PrincipalRootView.swift */; };
		FA6FC87E2C62E6A9003A6726 /* DetailScreenView.swift in Sources */ = {isa = PBXBuildFile; fileRef = FA6FC87D2C62E6A9003A6726 /* DetailScreenView.swift */; };
		FA6FC8832C62E8C0003A6726 /* TextUserToolbarContent.swift in Sources */ = {isa = PBXBuildFile; fileRef = FA6FC8822C62E8C0003A6726 /* TextUserToolbarContent.swift */; };
		FA6FC8862C62F1C0003A6726 /* NavigationModifier.swift in Sources */ = {isa = PBXBuildFile; fileRef = FA6FC8852C62F1C0003A6726 /* NavigationModifier.swift */; };
		FA6FC8882C62F209003A6726 /* View+Extension.swift in Sources */ = {isa = PBXBuildFile; fileRef = FA6FC8872C62F209003A6726 /* View+Extension.swift */; };
		FA6FC88B2C630B8F003A6726 /* MapScreenView.swift in Sources */ = {isa = PBXBuildFile; fileRef = FA6FC88A2C630B8F003A6726 /* MapScreenView.swift */; };
		FA7271272C6FAFC600BD72E2 /* TextSaveToolbarContent.swift in Sources */ = {isa = PBXBuildFile; fileRef = FA7271262C6FAFC600BD72E2 /* TextSaveToolbarContent.swift */; };
		FA7327632C6A64D400AE7A9A /* RestauranteSearchResponse.swift in Sources */ = {isa = PBXBuildFile; fileRef = FA7327622C6A64D400AE7A9A /* RestauranteSearchResponse.swift */; };
		FA7327652C6A6A6000AE7A9A /* RestauranteRepository.swift in Sources */ = {isa = PBXBuildFile; fileRef = FA7327642C6A6A6000AE7A9A /* RestauranteRepository.swift */; };
		FA7327672C6A6B7000AE7A9A /* Restaurante.swift in Sources */ = {isa = PBXBuildFile; fileRef = FA7327662C6A6B7000AE7A9A /* Restaurante.swift */; };
		FA7327692C6A766000AE7A9A /* MapScreenViewModel.swift in Sources */ = {isa = PBXBuildFile; fileRef = FA7327682C6A766000AE7A9A /* MapScreenViewModel.swift */; };
		FA73276B2C6A766F00AE7A9A /* MapScreenUiState.swift in Sources */ = {isa = PBXBuildFile; fileRef = FA73276A2C6A766F00AE7A9A /* MapScreenUiState.swift */; };
		FA73276D2C6A860400AE7A9A /* MapScreenModalView.swift in Sources */ = {isa = PBXBuildFile; fileRef = FA73276C2C6A860400AE7A9A /* MapScreenModalView.swift */; };
		FA739C332C6BB2FD00A61683 /* SharedMapaViewModel.swift in Sources */ = {isa = PBXBuildFile; fileRef = FA739C322C6BB2FD00A61683 /* SharedMapaViewModel.swift */; };
		FA7D5BE92C5EA05A00D20E45 /* RecetasAppApp.swift in Sources */ = {isa = PBXBuildFile; fileRef = FA7D5BE82C5EA05A00D20E45 /* RecetasAppApp.swift */; };
		FA7D5BED2C5EA05B00D20E45 /* Assets.xcassets in Resources */ = {isa = PBXBuildFile; fileRef = FA7D5BEC2C5EA05B00D20E45 /* Assets.xcassets */; };
		FA7D5BF02C5EA05B00D20E45 /* Preview Assets.xcassets in Resources */ = {isa = PBXBuildFile; fileRef = FA7D5BEF2C5EA05B00D20E45 /* Preview Assets.xcassets */; };
		FA7D5BFA2C5EA05C00D20E45 /* RecetasAppTests.swift in Sources */ = {isa = PBXBuildFile; fileRef = FA7D5BF92C5EA05C00D20E45 /* RecetasAppTests.swift */; };
		FA7D5C042C5EA05C00D20E45 /* RecetasAppUITests.swift in Sources */ = {isa = PBXBuildFile; fileRef = FA7D5C032C5EA05C00D20E45 /* RecetasAppUITests.swift */; };
		FA7D5C062C5EA05C00D20E45 /* RecetasAppUITestsLaunchTests.swift in Sources */ = {isa = PBXBuildFile; fileRef = FA7D5C052C5EA05C00D20E45 /* RecetasAppUITestsLaunchTests.swift */; };
		FA7EC1592C65340300EF602E /* RoundedCorner.swift in Sources */ = {isa = PBXBuildFile; fileRef = FA7EC1582C65340300EF602E /* RoundedCorner.swift */; };
		FA7EC15D2C653FD400EF602E /* DetalleCard.swift in Sources */ = {isa = PBXBuildFile; fileRef = FA7EC15C2C653FD400EF602E /* DetalleCard.swift */; };
		FAA271AF2C61B2EF005AC21C /* HomeScreenViewModel.swift in Sources */ = {isa = PBXBuildFile; fileRef = FAA271AE2C61B2EF005AC21C /* HomeScreenViewModel.swift */; };
		FAA271B12C61B410005AC21C /* HomeScreenUiState.swift in Sources */ = {isa = PBXBuildFile; fileRef = FAA271B02C61B410005AC21C /* HomeScreenUiState.swift */; };
		FAA4E7882C642E77006F5F2A /* DetalleResponse.swift in Sources */ = {isa = PBXBuildFile; fileRef = FAA4E7872C642E77006F5F2A /* DetalleResponse.swift */; };
		FAA4E78C2C643692006F5F2A /* Detalle.swift in Sources */ = {isa = PBXBuildFile; fileRef = FAA4E78B2C643692006F5F2A /* Detalle.swift */; };
		FAA4E78E2C643A60006F5F2A /* DetailScreenViewModel.swift in Sources */ = {isa = PBXBuildFile; fileRef = FAA4E78D2C643A60006F5F2A /* DetailScreenViewModel.swift */; };
		FAA4E7902C643A7E006F5F2A /* DetailScreenUiState.swift in Sources */ = {isa = PBXBuildFile; fileRef = FAA4E78F2C643A7E006F5F2A /* DetailScreenUiState.swift */; };
		FAC79B8D2C6D07B600B31101 /* UserScreenModalView.swift in Sources */ = {isa = PBXBuildFile; fileRef = FAC79B8C2C6D07B600B31101 /* UserScreenModalView.swift */; };
		FAC79B8F2C6D172D00B31101 /* CameraManager.swift in Sources */ = {isa = PBXBuildFile; fileRef = FAC79B8E2C6D172D00B31101 /* CameraManager.swift */; };
		FAC79B982C6D28E800B31101 /* AccessCameraView.swift in Sources */ = {isa = PBXBuildFile; fileRef = FAC79B972C6D28E800B31101 /* AccessCameraView.swift */; };
		FBCC181BF08BF90C7AC01F44 /* Pods_RecetasAppTests.framework in Frameworks */ = {isa = PBXBuildFile; fileRef = A6B2B12D27AE8173C29FC989 /* Pods_RecetasAppTests.framework */; };
/* End PBXBuildFile section */

/* Begin PBXContainerItemProxy section */
		FA7D5BF62C5EA05C00D20E45 /* PBXContainerItemProxy */ = {
			isa = PBXContainerItemProxy;
			containerPortal = FA7D5BDD2C5EA05A00D20E45 /* Project object */;
			proxyType = 1;
			remoteGlobalIDString = FA7D5BE42C5EA05A00D20E45;
			remoteInfo = RecetasApp;
		};
		FA7D5C002C5EA05C00D20E45 /* PBXContainerItemProxy */ = {
			isa = PBXContainerItemProxy;
			containerPortal = FA7D5BDD2C5EA05A00D20E45 /* Project object */;
			proxyType = 1;
			remoteGlobalIDString = FA7D5BE42C5EA05A00D20E45;
			remoteInfo = RecetasApp;
		};
/* End PBXContainerItemProxy section */

/* Begin PBXFileReference section */
		089A0DE4F540B3923440F10E /* Pods-RecetasApp.release.xcconfig */ = {isa = PBXFileReference; includeInIndex = 1; lastKnownFileType = text.xcconfig; name = "Pods-RecetasApp.release.xcconfig"; path = "Target Support Files/Pods-RecetasApp/Pods-RecetasApp.release.xcconfig"; sourceTree = "<group>"; };
		300E0D8048E6A11B28DE7C56 /* Pods-RecetasApp-RecetasAppUITests.release.xcconfig */ = {isa = PBXFileReference; includeInIndex = 1; lastKnownFileType = text.xcconfig; name = "Pods-RecetasApp-RecetasAppUITests.release.xcconfig"; path = "Target Support Files/Pods-RecetasApp-RecetasAppUITests/Pods-RecetasApp-RecetasAppUITests.release.xcconfig"; sourceTree = "<group>"; };
		7C1C143516EB8F89025C8A20 /* Pods-RecetasApp.debug.xcconfig */ = {isa = PBXFileReference; includeInIndex = 1; lastKnownFileType = text.xcconfig; name = "Pods-RecetasApp.debug.xcconfig"; path = "Target Support Files/Pods-RecetasApp/Pods-RecetasApp.debug.xcconfig"; sourceTree = "<group>"; };
		88BCC6FB7DD78B170450BDF4 /* Pods_RecetasApp.framework */ = {isa = PBXFileReference; explicitFileType = wrapper.framework; includeInIndex = 0; path = Pods_RecetasApp.framework; sourceTree = BUILT_PRODUCTS_DIR; };
		A308BBDC68758539EB71C2EE /* Pods-RecetasAppTests.debug.xcconfig */ = {isa = PBXFileReference; includeInIndex = 1; lastKnownFileType = text.xcconfig; name = "Pods-RecetasAppTests.debug.xcconfig"; path = "Target Support Files/Pods-RecetasAppTests/Pods-RecetasAppTests.debug.xcconfig"; sourceTree = "<group>"; };
		A6B2B12D27AE8173C29FC989 /* Pods_RecetasAppTests.framework */ = {isa = PBXFileReference; explicitFileType = wrapper.framework; includeInIndex = 0; path = Pods_RecetasAppTests.framework; sourceTree = BUILT_PRODUCTS_DIR; };
		AFDAA19037F08121805EB3EB /* Pods-RecetasApp-RecetasAppUITests.debug.xcconfig */ = {isa = PBXFileReference; includeInIndex = 1; lastKnownFileType = text.xcconfig; name = "Pods-RecetasApp-RecetasAppUITests.debug.xcconfig"; path = "Target Support Files/Pods-RecetasApp-RecetasAppUITests/Pods-RecetasApp-RecetasAppUITests.debug.xcconfig"; sourceTree = "<group>"; };
		B0966A8942322BBFF09E3CB8 /* Pods_RecetasApp_RecetasAppUITests.framework */ = {isa = PBXFileReference; explicitFileType = wrapper.framework; includeInIndex = 0; path = Pods_RecetasApp_RecetasAppUITests.framework; sourceTree = BUILT_PRODUCTS_DIR; };
		BFAFABC5DB644A49334E6714 /* Pods-RecetasAppTests.release.xcconfig */ = {isa = PBXFileReference; includeInIndex = 1; lastKnownFileType = text.xcconfig; name = "Pods-RecetasAppTests.release.xcconfig"; path = "Target Support Files/Pods-RecetasAppTests/Pods-RecetasAppTests.release.xcconfig"; sourceTree = "<group>"; };
		FA13D81B2C6158C500EE623D /* HomeScreenView.swift */ = {isa = PBXFileReference; lastKnownFileType = sourcecode.swift; path = HomeScreenView.swift; sourceTree = "<group>"; };
		FA6483E12C6196A0001C4722 /* RecetasWebService.swift */ = {isa = PBXFileReference; lastKnownFileType = sourcecode.swift; path = RecetasWebService.swift; sourceTree = "<group>"; };
		FA6483E62C619853001C4722 /* RecetaResponse.swift */ = {isa = PBXFileReference; lastKnownFileType = sourcecode.swift; path = RecetaResponse.swift; sourceTree = "<group>"; };
		FA6483E82C619CC0001C4722 /* ErrorResponse.swift */ = {isa = PBXFileReference; lastKnownFileType = sourcecode.swift; path = ErrorResponse.swift; sourceTree = "<group>"; };
		FA6483ED2C619E61001C4722 /* RecetaRepository.swift */ = {isa = PBXFileReference; lastKnownFileType = sourcecode.swift; path = RecetaRepository.swift; sourceTree = "<group>"; };
		FA6483EF2C619F6B001C4722 /* Receta.swift */ = {isa = PBXFileReference; lastKnownFileType = sourcecode.swift; path = Receta.swift; sourceTree = "<group>"; };
		FA6CDF012C6674AE000FB5DA /* SharedRecetaViewModel.swift */ = {isa = PBXFileReference; lastKnownFileType = sourcecode.swift; path = SharedRecetaViewModel.swift; sourceTree = "<group>"; };
		FA6DE1B52C6E63E500AB425D /* PHImagePickerView.swift */ = {isa = PBXFileReference; lastKnownFileType = sourcecode.swift; path = PHImagePickerView.swift; sourceTree = "<group>"; };
		FA6E73D32C6275A1000E84EE /* RecetaCard.swift */ = {isa = PBXFileReference; lastKnownFileType = sourcecode.swift; path = RecetaCard.swift; sourceTree = "<group>"; };
		FA6FC8792C62E41B003A6726 /* PrincipalRootView.swift */ = {isa = PBXFileReference; lastKnownFileType = sourcecode.swift; path = PrincipalRootView.swift; sourceTree = "<group>"; };
		FA6FC87D2C62E6A9003A6726 /* DetailScreenView.swift */ = {isa = PBXFileReference; lastKnownFileType = sourcecode.swift; path = DetailScreenView.swift; sourceTree = "<group>"; };
		FA6FC8822C62E8C0003A6726 /* TextUserToolbarContent.swift */ = {isa = PBXFileReference; lastKnownFileType = sourcecode.swift; path = TextUserToolbarContent.swift; sourceTree = "<group>"; };
		FA6FC8852C62F1C0003A6726 /* NavigationModifier.swift */ = {isa = PBXFileReference; lastKnownFileType = sourcecode.swift; path = NavigationModifier.swift; sourceTree = "<group>"; };
		FA6FC8872C62F209003A6726 /* View+Extension.swift */ = {isa = PBXFileReference; lastKnownFileType = sourcecode.swift; path = "View+Extension.swift"; sourceTree = "<group>"; };
		FA6FC88A2C630B8F003A6726 /* MapScreenView.swift */ = {isa = PBXFileReference; lastKnownFileType = sourcecode.swift; path = MapScreenView.swift; sourceTree = "<group>"; };
		FA7271262C6FAFC600BD72E2 /* TextSaveToolbarContent.swift */ = {isa = PBXFileReference; lastKnownFileType = sourcecode.swift; path = TextSaveToolbarContent.swift; sourceTree = "<group>"; };
		FA7327622C6A64D400AE7A9A /* RestauranteSearchResponse.swift */ = {isa = PBXFileReference; lastKnownFileType = sourcecode.swift; path = RestauranteSearchResponse.swift; sourceTree = "<group>"; };
		FA7327642C6A6A6000AE7A9A /* RestauranteRepository.swift */ = {isa = PBXFileReference; lastKnownFileType = sourcecode.swift; path = RestauranteRepository.swift; sourceTree = "<group>"; };
		FA7327662C6A6B7000AE7A9A /* Restaurante.swift */ = {isa = PBXFileReference; lastKnownFileType = sourcecode.swift; path = Restaurante.swift; sourceTree = "<group>"; };
		FA7327682C6A766000AE7A9A /* MapScreenViewModel.swift */ = {isa = PBXFileReference; lastKnownFileType = sourcecode.swift; path = MapScreenViewModel.swift; sourceTree = "<group>"; };
		FA73276A2C6A766F00AE7A9A /* MapScreenUiState.swift */ = {isa = PBXFileReference; lastKnownFileType = sourcecode.swift; path = MapScreenUiState.swift; sourceTree = "<group>"; };
		FA73276C2C6A860400AE7A9A /* MapScreenModalView.swift */ = {isa = PBXFileReference; lastKnownFileType = sourcecode.swift; path = MapScreenModalView.swift; sourceTree = "<group>"; };
		FA739C322C6BB2FD00A61683 /* SharedMapaViewModel.swift */ = {isa = PBXFileReference; lastKnownFileType = sourcecode.swift; path = SharedMapaViewModel.swift; sourceTree = "<group>"; };
		FA7D5BE52C5EA05A00D20E45 /* RecetasApp.app */ = {isa = PBXFileReference; explicitFileType = wrapper.application; includeInIndex = 0; path = RecetasApp.app; sourceTree = BUILT_PRODUCTS_DIR; };
		FA7D5BE82C5EA05A00D20E45 /* RecetasAppApp.swift */ = {isa = PBXFileReference; lastKnownFileType = sourcecode.swift; path = RecetasAppApp.swift; sourceTree = "<group>"; };
		FA7D5BEC2C5EA05B00D20E45 /* Assets.xcassets */ = {isa = PBXFileReference; lastKnownFileType = folder.assetcatalog; path = Assets.xcassets; sourceTree = "<group>"; };
		FA7D5BEF2C5EA05B00D20E45 /* Preview Assets.xcassets */ = {isa = PBXFileReference; lastKnownFileType = folder.assetcatalog; path = "Preview Assets.xcassets"; sourceTree = "<group>"; };
		FA7D5BF52C5EA05C00D20E45 /* RecetasAppTests.xctest */ = {isa = PBXFileReference; explicitFileType = wrapper.cfbundle; includeInIndex = 0; path = RecetasAppTests.xctest; sourceTree = BUILT_PRODUCTS_DIR; };
		FA7D5BF92C5EA05C00D20E45 /* RecetasAppTests.swift */ = {isa = PBXFileReference; lastKnownFileType = sourcecode.swift; path = RecetasAppTests.swift; sourceTree = "<group>"; };
		FA7D5BFF2C5EA05C00D20E45 /* RecetasAppUITests.xctest */ = {isa = PBXFileReference; explicitFileType = wrapper.cfbundle; includeInIndex = 0; path = RecetasAppUITests.xctest; sourceTree = BUILT_PRODUCTS_DIR; };
		FA7D5C032C5EA05C00D20E45 /* RecetasAppUITests.swift */ = {isa = PBXFileReference; lastKnownFileType = sourcecode.swift; path = RecetasAppUITests.swift; sourceTree = "<group>"; };
		FA7D5C052C5EA05C00D20E45 /* RecetasAppUITestsLaunchTests.swift */ = {isa = PBXFileReference; lastKnownFileType = sourcecode.swift; path = RecetasAppUITestsLaunchTests.swift; sourceTree = "<group>"; };
		FA7EC1582C65340300EF602E /* RoundedCorner.swift */ = {isa = PBXFileReference; lastKnownFileType = sourcecode.swift; path = RoundedCorner.swift; sourceTree = "<group>"; };
		FA7EC15C2C653FD400EF602E /* DetalleCard.swift */ = {isa = PBXFileReference; lastKnownFileType = sourcecode.swift; path = DetalleCard.swift; sourceTree = "<group>"; };
		FAA271AE2C61B2EF005AC21C /* HomeScreenViewModel.swift */ = {isa = PBXFileReference; lastKnownFileType = sourcecode.swift; path = HomeScreenViewModel.swift; sourceTree = "<group>"; };
		FAA271B02C61B410005AC21C /* HomeScreenUiState.swift */ = {isa = PBXFileReference; lastKnownFileType = sourcecode.swift; path = HomeScreenUiState.swift; sourceTree = "<group>"; };
		FAA4E7872C642E77006F5F2A /* DetalleResponse.swift */ = {isa = PBXFileReference; lastKnownFileType = sourcecode.swift; path = DetalleResponse.swift; sourceTree = "<group>"; };
		FAA4E78B2C643692006F5F2A /* Detalle.swift */ = {isa = PBXFileReference; lastKnownFileType = sourcecode.swift; path = Detalle.swift; sourceTree = "<group>"; };
		FAA4E78D2C643A60006F5F2A /* DetailScreenViewModel.swift */ = {isa = PBXFileReference; lastKnownFileType = sourcecode.swift; path = DetailScreenViewModel.swift; sourceTree = "<group>"; };
		FAA4E78F2C643A7E006F5F2A /* DetailScreenUiState.swift */ = {isa = PBXFileReference; lastKnownFileType = sourcecode.swift; path = DetailScreenUiState.swift; sourceTree = "<group>"; };
		FAC79B8C2C6D07B600B31101 /* UserScreenModalView.swift */ = {isa = PBXFileReference; lastKnownFileType = sourcecode.swift; path = UserScreenModalView.swift; sourceTree = "<group>"; };
		FAC79B8E2C6D172D00B31101 /* CameraManager.swift */ = {isa = PBXFileReference; lastKnownFileType = sourcecode.swift; path = CameraManager.swift; sourceTree = "<group>"; };
		FAC79B972C6D28E800B31101 /* AccessCameraView.swift */ = {isa = PBXFileReference; lastKnownFileType = sourcecode.swift; path = AccessCameraView.swift; sourceTree = "<group>"; };
/* End PBXFileReference section */

/* Begin PBXFrameworksBuildPhase section */
		FA7D5BE22C5EA05A00D20E45 /* Frameworks */ = {
			isa = PBXFrameworksBuildPhase;
			buildActionMask = 2147483647;
			files = (
				B22173731B4E78881380B477 /* Pods_RecetasApp.framework in Frameworks */,
			);
			runOnlyForDeploymentPostprocessing = 0;
		};
		FA7D5BF22C5EA05C00D20E45 /* Frameworks */ = {
			isa = PBXFrameworksBuildPhase;
			buildActionMask = 2147483647;
			files = (
				FBCC181BF08BF90C7AC01F44 /* Pods_RecetasAppTests.framework in Frameworks */,
			);
			runOnlyForDeploymentPostprocessing = 0;
		};
		FA7D5BFC2C5EA05C00D20E45 /* Frameworks */ = {
			isa = PBXFrameworksBuildPhase;
			buildActionMask = 2147483647;
			files = (
				EC55BE7A2652B09D5E5C546C /* Pods_RecetasApp_RecetasAppUITests.framework in Frameworks */,
			);
			runOnlyForDeploymentPostprocessing = 0;
		};
/* End PBXFrameworksBuildPhase section */

/* Begin PBXGroup section */
		00E89875DBB6217EF1B7458A /* Frameworks */ = {
			isa = PBXGroup;
			children = (
				88BCC6FB7DD78B170450BDF4 /* Pods_RecetasApp.framework */,
				B0966A8942322BBFF09E3CB8 /* Pods_RecetasApp_RecetasAppUITests.framework */,
				A6B2B12D27AE8173C29FC989 /* Pods_RecetasAppTests.framework */,
			);
			name = Frameworks;
			sourceTree = "<group>";
		};
		0F00F8B886637EA3D5CDBBDE /* Pods */ = {
			isa = PBXGroup;
			children = (
				7C1C143516EB8F89025C8A20 /* Pods-RecetasApp.debug.xcconfig */,
				089A0DE4F540B3923440F10E /* Pods-RecetasApp.release.xcconfig */,
				AFDAA19037F08121805EB3EB /* Pods-RecetasApp-RecetasAppUITests.debug.xcconfig */,
				300E0D8048E6A11B28DE7C56 /* Pods-RecetasApp-RecetasAppUITests.release.xcconfig */,
				A308BBDC68758539EB71C2EE /* Pods-RecetasAppTests.debug.xcconfig */,
				BFAFABC5DB644A49334E6714 /* Pods-RecetasAppTests.release.xcconfig */,
			);
			path = Pods;
			sourceTree = "<group>";
		};
		FA6483DE2C6193C7001C4722 /* App */ = {
			isa = PBXGroup;
			children = (
				FA7D5BE82C5EA05A00D20E45 /* RecetasAppApp.swift */,
				FA6CDF012C6674AE000FB5DA /* SharedRecetaViewModel.swift */,
				FA739C322C6BB2FD00A61683 /* SharedMapaViewModel.swift */,
				FA6FC8742C62E2F2003A6726 /* Root */,
			);
			path = App;
			sourceTree = "<group>";
		};
		FA6483DF2C6193D0001C4722 /* Presentation */ = {
			isa = PBXGroup;
			children = (
				FAC79B892C6D076A00B31101 /* User */,
				FA6FC87F2C62E6E4003A6726 /* Toolbar */,
				FA6FC87B2C62E65A003A6726 /* Home */,
				FA6FC87C2C62E690003A6726 /* Detail */,
				FA6FC8892C630B51003A6726 /* Map */,
				FA6AB5C72C6AE206004191B0 /* MapModal */,
			);
			path = Presentation;
			sourceTree = "<group>";
		};
		FA6483E02C619664001C4722 /* Data */ = {
			isa = PBXGroup;
			children = (
				FA6483E42C61976C001C4722 /* Modelo */,
				FA6483E32C6196F5001C4722 /* RecetasAppWebService */,
			);
			path = Data;
			sourceTree = "<group>";
		};
		FA6483E32C6196F5001C4722 /* RecetasAppWebService */ = {
			isa = PBXGroup;
			children = (
				FA6483E12C6196A0001C4722 /* RecetasWebService.swift */,
				FA6483E82C619CC0001C4722 /* ErrorResponse.swift */,
			);
			path = RecetasAppWebService;
			sourceTree = "<group>";
		};
		FA6483E42C61976C001C4722 /* Modelo */ = {
			isa = PBXGroup;
			children = (
				FA6483E52C619773001C4722 /* Response */,
			);
			path = Modelo;
			sourceTree = "<group>";
		};
		FA6483E52C619773001C4722 /* Response */ = {
			isa = PBXGroup;
			children = (
				FA6483E62C619853001C4722 /* RecetaResponse.swift */,
				FAA4E7872C642E77006F5F2A /* DetalleResponse.swift */,
				FA7327622C6A64D400AE7A9A /* RestauranteSearchResponse.swift */,
			);
			path = Response;
			sourceTree = "<group>";
		};
		FA6483EA2C619D99001C4722 /* Domain */ = {
			isa = PBXGroup;
			children = (
				FA6483EB2C619DB3001C4722 /* Repository */,
				FA6483EC2C619E3F001C4722 /* Modelo */,
			);
			path = Domain;
			sourceTree = "<group>";
		};
		FA6483EB2C619DB3001C4722 /* Repository */ = {
			isa = PBXGroup;
			children = (
				FA6483ED2C619E61001C4722 /* RecetaRepository.swift */,
				FA7327642C6A6A6000AE7A9A /* RestauranteRepository.swift */,
			);
			path = Repository;
			sourceTree = "<group>";
		};
		FA6483EC2C619E3F001C4722 /* Modelo */ = {
			isa = PBXGroup;
			children = (
				FA6483EF2C619F6B001C4722 /* Receta.swift */,
				FAA4E78B2C643692006F5F2A /* Detalle.swift */,
				FA7327662C6A6B7000AE7A9A /* Restaurante.swift */,
			);
			path = Modelo;
			sourceTree = "<group>";
		};
		FA6AB5C72C6AE206004191B0 /* MapModal */ = {
			isa = PBXGroup;
			children = (
				FA73276C2C6A860400AE7A9A /* MapScreenModalView.swift */,
			);
			path = MapModal;
			sourceTree = "<group>";
		};
		FA6DE1B42C6E63C600AB425D /* Image */ = {
			isa = PBXGroup;
			children = (
				FA6DE1B52C6E63E500AB425D /* PHImagePickerView.swift */,
			);
			path = Image;
			sourceTree = "<group>";
		};
		FA6E73D12C627583000E84EE /* Core */ = {
			isa = PBXGroup;
			children = (
				FA6E73D22C62758C000E84EE /* Componentes */,
			);
			path = Core;
			sourceTree = "<group>";
		};
		FA6E73D22C62758C000E84EE /* Componentes */ = {
			isa = PBXGroup;
			children = (
				FA6E73D32C6275A1000E84EE /* RecetaCard.swift */,
				FA7EC1582C65340300EF602E /* RoundedCorner.swift */,
				FA7EC15C2C653FD400EF602E /* DetalleCard.swift */,
			);
			path = Componentes;
			sourceTree = "<group>";
		};
		FA6FC8742C62E2F2003A6726 /* Root */ = {
			isa = PBXGroup;
			children = (
				FA6FC8772C62E3DA003A6726 /* RootView */,
			);
			path = Root;
			sourceTree = "<group>";
		};
		FA6FC8772C62E3DA003A6726 /* RootView */ = {
			isa = PBXGroup;
			children = (
				FA6FC8782C62E401003A6726 /* Principal */,
			);
			path = RootView;
			sourceTree = "<group>";
		};
		FA6FC8782C62E401003A6726 /* Principal */ = {
			isa = PBXGroup;
			children = (
				FA6FC8792C62E41B003A6726 /* PrincipalRootView.swift */,
			);
			path = Principal;
			sourceTree = "<group>";
		};
		FA6FC87B2C62E65A003A6726 /* Home */ = {
			isa = PBXGroup;
			children = (
				FA13D81B2C6158C500EE623D /* HomeScreenView.swift */,
				FAA271AE2C61B2EF005AC21C /* HomeScreenViewModel.swift */,
				FAA271B02C61B410005AC21C /* HomeScreenUiState.swift */,
			);
			path = Home;
			sourceTree = "<group>";
		};
		FA6FC87C2C62E690003A6726 /* Detail */ = {
			isa = PBXGroup;
			children = (
				FA6FC87D2C62E6A9003A6726 /* DetailScreenView.swift */,
				FAA4E78D2C643A60006F5F2A /* DetailScreenViewModel.swift */,
				FAA4E78F2C643A7E006F5F2A /* DetailScreenUiState.swift */,
			);
			path = Detail;
			sourceTree = "<group>";
		};
		FA6FC87F2C62E6E4003A6726 /* Toolbar */ = {
			isa = PBXGroup;
			children = (
				FA6FC8822C62E8C0003A6726 /* TextUserToolbarContent.swift */,
				FA7271262C6FAFC600BD72E2 /* TextSaveToolbarContent.swift */,
			);
			path = Toolbar;
			sourceTree = "<group>";
		};
		FA6FC8842C62F1AD003A6726 /* Navigation */ = {
			isa = PBXGroup;
			children = (
				FA6FC8852C62F1C0003A6726 /* NavigationModifier.swift */,
				FA6FC8872C62F209003A6726 /* View+Extension.swift */,
			);
			path = Navigation;
			sourceTree = "<group>";
		};
		FA6FC8892C630B51003A6726 /* Map */ = {
			isa = PBXGroup;
			children = (
				FA6FC88A2C630B8F003A6726 /* MapScreenView.swift */,
				FA7327682C6A766000AE7A9A /* MapScreenViewModel.swift */,
				FA73276A2C6A766F00AE7A9A /* MapScreenUiState.swift */,
			);
			path = Map;
			sourceTree = "<group>";
		};
		FA7D5BDC2C5EA05A00D20E45 = {
			isa = PBXGroup;
			children = (
				FA7D5BE72C5EA05A00D20E45 /* RecetasApp */,
				FA7D5BF82C5EA05C00D20E45 /* RecetasAppTests */,
				FA7D5C022C5EA05C00D20E45 /* RecetasAppUITests */,
				FA7D5BE62C5EA05A00D20E45 /* Products */,
				0F00F8B886637EA3D5CDBBDE /* Pods */,
				00E89875DBB6217EF1B7458A /* Frameworks */,
			);
			sourceTree = "<group>";
		};
		FA7D5BE62C5EA05A00D20E45 /* Products */ = {
			isa = PBXGroup;
			children = (
				FA7D5BE52C5EA05A00D20E45 /* RecetasApp.app */,
				FA7D5BF52C5EA05C00D20E45 /* RecetasAppTests.xctest */,
				FA7D5BFF2C5EA05C00D20E45 /* RecetasAppUITests.xctest */,
			);
			name = Products;
			sourceTree = "<group>";
		};
		FA7D5BE72C5EA05A00D20E45 /* RecetasApp */ = {
			isa = PBXGroup;
			children = (
				FA6483DE2C6193C7001C4722 /* App */,
				FA6FC8842C62F1AD003A6726 /* Navigation */,
				FA6E73D12C627583000E84EE /* Core */,
				FA6483DF2C6193D0001C4722 /* Presentation */,
				FA6483EA2C619D99001C4722 /* Domain */,
				FA6483E02C619664001C4722 /* Data */,
				FA7D5BEC2C5EA05B00D20E45 /* Assets.xcassets */,
				FA7D5BEE2C5EA05B00D20E45 /* Preview Content */,
			);
			path = RecetasApp;
			sourceTree = "<group>";
		};
		FA7D5BEE2C5EA05B00D20E45 /* Preview Content */ = {
			isa = PBXGroup;
			children = (
				FA7D5BEF2C5EA05B00D20E45 /* Preview Assets.xcassets */,
			);
			path = "Preview Content";
			sourceTree = "<group>";
		};
		FA7D5BF82C5EA05C00D20E45 /* RecetasAppTests */ = {
			isa = PBXGroup;
			children = (
				FA7D5BF92C5EA05C00D20E45 /* RecetasAppTests.swift */,
			);
			path = RecetasAppTests;
			sourceTree = "<group>";
		};
		FA7D5C022C5EA05C00D20E45 /* RecetasAppUITests */ = {
			isa = PBXGroup;
			children = (
				FA7D5C032C5EA05C00D20E45 /* RecetasAppUITests.swift */,
				FA7D5C052C5EA05C00D20E45 /* RecetasAppUITestsLaunchTests.swift */,
			);
			path = RecetasAppUITests;
			sourceTree = "<group>";
		};
		FAC79B892C6D076A00B31101 /* User */ = {
			isa = PBXGroup;
			children = (
				FA6DE1B42C6E63C600AB425D /* Image */,
				FAC79B962C6D28D800B31101 /* Camara */,
				FAC79B8C2C6D07B600B31101 /* UserScreenModalView.swift */,
				FAC79B8E2C6D172D00B31101 /* CameraManager.swift */,
			);
			path = User;
			sourceTree = "<group>";
		};
		FAC79B962C6D28D800B31101 /* Camara */ = {
			isa = PBXGroup;
			children = (
				FAC79B972C6D28E800B31101 /* AccessCameraView.swift */,
			);
			path = Camara;
			sourceTree = "<group>";
		};
/* End PBXGroup section */

/* Begin PBXNativeTarget section */
		FA7D5BE42C5EA05A00D20E45 /* RecetasApp */ = {
			isa = PBXNativeTarget;
			buildConfigurationList = FA7D5C092C5EA05C00D20E45 /* Build configuration list for PBXNativeTarget "RecetasApp" */;
			buildPhases = (
				F9D79319D56B31F8E2D68F2B /* [CP] Check Pods Manifest.lock */,
				FA7D5BE12C5EA05A00D20E45 /* Sources */,
				FA7D5BE22C5EA05A00D20E45 /* Frameworks */,
				FA7D5BE32C5EA05A00D20E45 /* Resources */,
				7FAFCAD33A5146C74B54BBA9 /* [CP] Embed Pods Frameworks */,
			);
			buildRules = (
			);
			dependencies = (
			);
			name = RecetasApp;
			productName = RecetasApp;
			productReference = FA7D5BE52C5EA05A00D20E45 /* RecetasApp.app */;
			productType = "com.apple.product-type.application";
		};
		FA7D5BF42C5EA05C00D20E45 /* RecetasAppTests */ = {
			isa = PBXNativeTarget;
			buildConfigurationList = FA7D5C0C2C5EA05C00D20E45 /* Build configuration list for PBXNativeTarget "RecetasAppTests" */;
			buildPhases = (
				1B55811279102B701A9BF8B7 /* [CP] Check Pods Manifest.lock */,
				FA7D5BF12C5EA05C00D20E45 /* Sources */,
				FA7D5BF22C5EA05C00D20E45 /* Frameworks */,
				FA7D5BF32C5EA05C00D20E45 /* Resources */,
			);
			buildRules = (
			);
			dependencies = (
				FA7D5BF72C5EA05C00D20E45 /* PBXTargetDependency */,
			);
			name = RecetasAppTests;
			productName = RecetasAppTests;
			productReference = FA7D5BF52C5EA05C00D20E45 /* RecetasAppTests.xctest */;
			productType = "com.apple.product-type.bundle.unit-test";
		};
		FA7D5BFE2C5EA05C00D20E45 /* RecetasAppUITests */ = {
			isa = PBXNativeTarget;
			buildConfigurationList = FA7D5C0F2C5EA05C00D20E45 /* Build configuration list for PBXNativeTarget "RecetasAppUITests" */;
			buildPhases = (
				3E7F981E1D8C3C58CC62F2B1 /* [CP] Check Pods Manifest.lock */,
				FA7D5BFB2C5EA05C00D20E45 /* Sources */,
				FA7D5BFC2C5EA05C00D20E45 /* Frameworks */,
				FA7D5BFD2C5EA05C00D20E45 /* Resources */,
				6BFCFE41A6BDF69443282461 /* [CP] Embed Pods Frameworks */,
			);
			buildRules = (
			);
			dependencies = (
				FA7D5C012C5EA05C00D20E45 /* PBXTargetDependency */,
			);
			name = RecetasAppUITests;
			productName = RecetasAppUITests;
			productReference = FA7D5BFF2C5EA05C00D20E45 /* RecetasAppUITests.xctest */;
			productType = "com.apple.product-type.bundle.ui-testing";
		};
/* End PBXNativeTarget section */

/* Begin PBXProject section */
		FA7D5BDD2C5EA05A00D20E45 /* Project object */ = {
			isa = PBXProject;
			attributes = {
				BuildIndependentTargetsInParallel = 1;
				LastSwiftUpdateCheck = 1510;
				LastUpgradeCheck = 1510;
				TargetAttributes = {
					FA7D5BE42C5EA05A00D20E45 = {
						CreatedOnToolsVersion = 15.1;
					};
					FA7D5BF42C5EA05C00D20E45 = {
						CreatedOnToolsVersion = 15.1;
						TestTargetID = FA7D5BE42C5EA05A00D20E45;
					};
					FA7D5BFE2C5EA05C00D20E45 = {
						CreatedOnToolsVersion = 15.1;
						TestTargetID = FA7D5BE42C5EA05A00D20E45;
					};
				};
			};
			buildConfigurationList = FA7D5BE02C5EA05A00D20E45 /* Build configuration list for PBXProject "RecetasApp" */;
			compatibilityVersion = "Xcode 14.0";
			developmentRegion = en;
			hasScannedForEncodings = 0;
			knownRegions = (
				en,
				Base,
			);
			mainGroup = FA7D5BDC2C5EA05A00D20E45;
			productRefGroup = FA7D5BE62C5EA05A00D20E45 /* Products */;
			projectDirPath = "";
			projectRoot = "";
			targets = (
				FA7D5BE42C5EA05A00D20E45 /* RecetasApp */,
				FA7D5BF42C5EA05C00D20E45 /* RecetasAppTests */,
				FA7D5BFE2C5EA05C00D20E45 /* RecetasAppUITests */,
			);
		};
/* End PBXProject section */

/* Begin PBXResourcesBuildPhase section */
		FA7D5BE32C5EA05A00D20E45 /* Resources */ = {
			isa = PBXResourcesBuildPhase;
			buildActionMask = 2147483647;
			files = (
				FA7D5BF02C5EA05B00D20E45 /* Preview Assets.xcassets in Resources */,
				FA7D5BED2C5EA05B00D20E45 /* Assets.xcassets in Resources */,
			);
			runOnlyForDeploymentPostprocessing = 0;
		};
		FA7D5BF32C5EA05C00D20E45 /* Resources */ = {
			isa = PBXResourcesBuildPhase;
			buildActionMask = 2147483647;
			files = (
			);
			runOnlyForDeploymentPostprocessing = 0;
		};
		FA7D5BFD2C5EA05C00D20E45 /* Resources */ = {
			isa = PBXResourcesBuildPhase;
			buildActionMask = 2147483647;
			files = (
			);
			runOnlyForDeploymentPostprocessing = 0;
		};
/* End PBXResourcesBuildPhase section */

/* Begin PBXShellScriptBuildPhase section */
		1B55811279102B701A9BF8B7 /* [CP] Check Pods Manifest.lock */ = {
			isa = PBXShellScriptBuildPhase;
			buildActionMask = 2147483647;
			files = (
			);
			inputFileListPaths = (
			);
			inputPaths = (
				"${PODS_PODFILE_DIR_PATH}/Podfile.lock",
				"${PODS_ROOT}/Manifest.lock",
			);
			name = "[CP] Check Pods Manifest.lock";
			outputFileListPaths = (
			);
			outputPaths = (
				"$(DERIVED_FILE_DIR)/Pods-RecetasAppTests-checkManifestLockResult.txt",
			);
			runOnlyForDeploymentPostprocessing = 0;
			shellPath = /bin/sh;
			shellScript = "diff \"${PODS_PODFILE_DIR_PATH}/Podfile.lock\" \"${PODS_ROOT}/Manifest.lock\" > /dev/null\nif [ $? != 0 ] ; then\n    # print error to STDERR\n    echo \"error: The sandbox is not in sync with the Podfile.lock. Run 'pod install' or update your CocoaPods installation.\" >&2\n    exit 1\nfi\n# This output is used by Xcode 'outputs' to avoid re-running this script phase.\necho \"SUCCESS\" > \"${SCRIPT_OUTPUT_FILE_0}\"\n";
			showEnvVarsInLog = 0;
		};
		3E7F981E1D8C3C58CC62F2B1 /* [CP] Check Pods Manifest.lock */ = {
			isa = PBXShellScriptBuildPhase;
			buildActionMask = 2147483647;
			files = (
			);
			inputFileListPaths = (
			);
			inputPaths = (
				"${PODS_PODFILE_DIR_PATH}/Podfile.lock",
				"${PODS_ROOT}/Manifest.lock",
			);
			name = "[CP] Check Pods Manifest.lock";
			outputFileListPaths = (
			);
			outputPaths = (
				"$(DERIVED_FILE_DIR)/Pods-RecetasApp-RecetasAppUITests-checkManifestLockResult.txt",
			);
			runOnlyForDeploymentPostprocessing = 0;
			shellPath = /bin/sh;
			shellScript = "diff \"${PODS_PODFILE_DIR_PATH}/Podfile.lock\" \"${PODS_ROOT}/Manifest.lock\" > /dev/null\nif [ $? != 0 ] ; then\n    # print error to STDERR\n    echo \"error: The sandbox is not in sync with the Podfile.lock. Run 'pod install' or update your CocoaPods installation.\" >&2\n    exit 1\nfi\n# This output is used by Xcode 'outputs' to avoid re-running this script phase.\necho \"SUCCESS\" > \"${SCRIPT_OUTPUT_FILE_0}\"\n";
			showEnvVarsInLog = 0;
		};
		6BFCFE41A6BDF69443282461 /* [CP] Embed Pods Frameworks */ = {
			isa = PBXShellScriptBuildPhase;
			buildActionMask = 2147483647;
			files = (
			);
			inputFileListPaths = (
				"${PODS_ROOT}/Target Support Files/Pods-RecetasApp-RecetasAppUITests/Pods-RecetasApp-RecetasAppUITests-frameworks-${CONFIGURATION}-input-files.xcfilelist",
			);
			name = "[CP] Embed Pods Frameworks";
			outputFileListPaths = (
				"${PODS_ROOT}/Target Support Files/Pods-RecetasApp-RecetasAppUITests/Pods-RecetasApp-RecetasAppUITests-frameworks-${CONFIGURATION}-output-files.xcfilelist",
			);
			runOnlyForDeploymentPostprocessing = 0;
			shellPath = /bin/sh;
			shellScript = "\"${PODS_ROOT}/Target Support Files/Pods-RecetasApp-RecetasAppUITests/Pods-RecetasApp-RecetasAppUITests-frameworks.sh\"\n";
			showEnvVarsInLog = 0;
		};
		7FAFCAD33A5146C74B54BBA9 /* [CP] Embed Pods Frameworks */ = {
			isa = PBXShellScriptBuildPhase;
			buildActionMask = 2147483647;
			files = (
			);
			inputFileListPaths = (
				"${PODS_ROOT}/Target Support Files/Pods-RecetasApp/Pods-RecetasApp-frameworks-${CONFIGURATION}-input-files.xcfilelist",
			);
			name = "[CP] Embed Pods Frameworks";
			outputFileListPaths = (
				"${PODS_ROOT}/Target Support Files/Pods-RecetasApp/Pods-RecetasApp-frameworks-${CONFIGURATION}-output-files.xcfilelist",
			);
			runOnlyForDeploymentPostprocessing = 0;
			shellPath = /bin/sh;
			shellScript = "\"${PODS_ROOT}/Target Support Files/Pods-RecetasApp/Pods-RecetasApp-frameworks.sh\"\n";
			showEnvVarsInLog = 0;
		};
		F9D79319D56B31F8E2D68F2B /* [CP] Check Pods Manifest.lock */ = {
			isa = PBXShellScriptBuildPhase;
			buildActionMask = 2147483647;
			files = (
			);
			inputFileListPaths = (
			);
			inputPaths = (
				"${PODS_PODFILE_DIR_PATH}/Podfile.lock",
				"${PODS_ROOT}/Manifest.lock",
			);
			name = "[CP] Check Pods Manifest.lock";
			outputFileListPaths = (
			);
			outputPaths = (
				"$(DERIVED_FILE_DIR)/Pods-RecetasApp-checkManifestLockResult.txt",
			);
			runOnlyForDeploymentPostprocessing = 0;
			shellPath = /bin/sh;
			shellScript = "diff \"${PODS_PODFILE_DIR_PATH}/Podfile.lock\" \"${PODS_ROOT}/Manifest.lock\" > /dev/null\nif [ $? != 0 ] ; then\n    # print error to STDERR\n    echo \"error: The sandbox is not in sync with the Podfile.lock. Run 'pod install' or update your CocoaPods installation.\" >&2\n    exit 1\nfi\n# This output is used by Xcode 'outputs' to avoid re-running this script phase.\necho \"SUCCESS\" > \"${SCRIPT_OUTPUT_FILE_0}\"\n";
			showEnvVarsInLog = 0;
		};
/* End PBXShellScriptBuildPhase section */

/* Begin PBXSourcesBuildPhase section */
		FA7D5BE12C5EA05A00D20E45 /* Sources */ = {
			isa = PBXSourcesBuildPhase;
			buildActionMask = 2147483647;
			files = (
				FA6DE1B62C6E63E500AB425D /* PHImagePickerView.swift in Sources */,
				FAC79B8D2C6D07B600B31101 /* UserScreenModalView.swift in Sources */,
				FAA4E7882C642E77006F5F2A /* DetalleResponse.swift in Sources */,
				FA7327632C6A64D400AE7A9A /* RestauranteSearchResponse.swift in Sources */,
				FAC79B982C6D28E800B31101 /* AccessCameraView.swift in Sources */,
				FA6483F02C619F6B001C4722 /* Receta.swift in Sources */,
				FA7327672C6A6B7000AE7A9A /* Restaurante.swift in Sources */,
				FA6E73D42C6275A1000E84EE /* RecetaCard.swift in Sources */,
				FAA4E7902C643A7E006F5F2A /* DetailScreenUiState.swift in Sources */,
				FA7327652C6A6A6000AE7A9A /* RestauranteRepository.swift in Sources */,
				FA739C332C6BB2FD00A61683 /* SharedMapaViewModel.swift in Sources */,
				FA6FC8882C62F209003A6726 /* View+Extension.swift in Sources */,
				FAA271AF2C61B2EF005AC21C /* HomeScreenViewModel.swift in Sources */,
				FA7271272C6FAFC600BD72E2 /* TextSaveToolbarContent.swift in Sources */,
				FA7EC1592C65340300EF602E /* RoundedCorner.swift in Sources */,
				FA7EC15D2C653FD400EF602E /* DetalleCard.swift in Sources */,
				FA6FC87E2C62E6A9003A6726 /* DetailScreenView.swift in Sources */,
				FA6483E92C619CC0001C4722 /* ErrorResponse.swift in Sources */,
				FA6FC8832C62E8C0003A6726 /* TextUserToolbarContent.swift in Sources */,
				FA6FC8862C62F1C0003A6726 /* NavigationModifier.swift in Sources */,
				FAA271B12C61B410005AC21C /* HomeScreenUiState.swift in Sources */,
				FAC79B8F2C6D172D00B31101 /* CameraManager.swift in Sources */,
				FA6FC88B2C630B8F003A6726 /* MapScreenView.swift in Sources */,
				FA6483EE2C619E61001C4722 /* RecetaRepository.swift in Sources */,
				FAA4E78E2C643A60006F5F2A /* DetailScreenViewModel.swift in Sources */,
				FA6FC87A2C62E41B003A6726 /* PrincipalRootView.swift in Sources */,
				FA13D81C2C6158C500EE623D /* HomeScreenView.swift in Sources */,
				FA6CDF022C6674AE000FB5DA /* SharedRecetaViewModel.swift in Sources */,
				FA73276D2C6A860400AE7A9A /* MapScreenModalView.swift in Sources */,
				FA7327692C6A766000AE7A9A /* MapScreenViewModel.swift in Sources */,
				FA6483E22C6196A0001C4722 /* RecetasWebService.swift in Sources */,
				FA6483E72C619853001C4722 /* RecetaResponse.swift in Sources */,
				FA7D5BE92C5EA05A00D20E45 /* RecetasAppApp.swift in Sources */,
				FA73276B2C6A766F00AE7A9A /* MapScreenUiState.swift in Sources */,
				FAA4E78C2C643692006F5F2A /* Detalle.swift in Sources */,
			);
			runOnlyForDeploymentPostprocessing = 0;
		};
		FA7D5BF12C5EA05C00D20E45 /* Sources */ = {
			isa = PBXSourcesBuildPhase;
			buildActionMask = 2147483647;
			files = (
				FA7D5BFA2C5EA05C00D20E45 /* RecetasAppTests.swift in Sources */,
			);
			runOnlyForDeploymentPostprocessing = 0;
		};
		FA7D5BFB2C5EA05C00D20E45 /* Sources */ = {
			isa = PBXSourcesBuildPhase;
			buildActionMask = 2147483647;
			files = (
				FA7D5C062C5EA05C00D20E45 /* RecetasAppUITestsLaunchTests.swift in Sources */,
				FA7D5C042C5EA05C00D20E45 /* RecetasAppUITests.swift in Sources */,
			);
			runOnlyForDeploymentPostprocessing = 0;
		};
/* End PBXSourcesBuildPhase section */

/* Begin PBXTargetDependency section */
		FA7D5BF72C5EA05C00D20E45 /* PBXTargetDependency */ = {
			isa = PBXTargetDependency;
			target = FA7D5BE42C5EA05A00D20E45 /* RecetasApp */;
			targetProxy = FA7D5BF62C5EA05C00D20E45 /* PBXContainerItemProxy */;
		};
		FA7D5C012C5EA05C00D20E45 /* PBXTargetDependency */ = {
			isa = PBXTargetDependency;
			target = FA7D5BE42C5EA05A00D20E45 /* RecetasApp */;
			targetProxy = FA7D5C002C5EA05C00D20E45 /* PBXContainerItemProxy */;
		};
/* End PBXTargetDependency section */

/* Begin XCBuildConfiguration section */
		FA7D5C072C5EA05C00D20E45 /* Debug */ = {
			isa = XCBuildConfiguration;
			buildSettings = {
				ALWAYS_SEARCH_USER_PATHS = NO;
				ASSETCATALOG_COMPILER_GENERATE_SWIFT_ASSET_SYMBOL_EXTENSIONS = YES;
				CLANG_ANALYZER_NONNULL = YES;
				CLANG_ANALYZER_NUMBER_OBJECT_CONVERSION = YES_AGGRESSIVE;
				CLANG_CXX_LANGUAGE_STANDARD = "gnu++20";
				CLANG_ENABLE_MODULES = YES;
				CLANG_ENABLE_OBJC_ARC = YES;
				CLANG_ENABLE_OBJC_WEAK = YES;
				CLANG_WARN_BLOCK_CAPTURE_AUTORELEASING = YES;
				CLANG_WARN_BOOL_CONVERSION = YES;
				CLANG_WARN_COMMA = YES;
				CLANG_WARN_CONSTANT_CONVERSION = YES;
				CLANG_WARN_DEPRECATED_OBJC_IMPLEMENTATIONS = YES;
				CLANG_WARN_DIRECT_OBJC_ISA_USAGE = YES_ERROR;
				CLANG_WARN_DOCUMENTATION_COMMENTS = YES;
				CLANG_WARN_EMPTY_BODY = YES;
				CLANG_WARN_ENUM_CONVERSION = YES;
				CLANG_WARN_INFINITE_RECURSION = YES;
				CLANG_WARN_INT_CONVERSION = YES;
				CLANG_WARN_NON_LITERAL_NULL_CONVERSION = YES;
				CLANG_WARN_OBJC_IMPLICIT_RETAIN_SELF = YES;
				CLANG_WARN_OBJC_LITERAL_CONVERSION = YES;
				CLANG_WARN_OBJC_ROOT_CLASS = YES_ERROR;
				CLANG_WARN_QUOTED_INCLUDE_IN_FRAMEWORK_HEADER = YES;
				CLANG_WARN_RANGE_LOOP_ANALYSIS = YES;
				CLANG_WARN_STRICT_PROTOTYPES = YES;
				CLANG_WARN_SUSPICIOUS_MOVE = YES;
				CLANG_WARN_UNGUARDED_AVAILABILITY = YES_AGGRESSIVE;
				CLANG_WARN_UNREACHABLE_CODE = YES;
				CLANG_WARN__DUPLICATE_METHOD_MATCH = YES;
				COPY_PHASE_STRIP = NO;
				DEBUG_INFORMATION_FORMAT = dwarf;
				ENABLE_STRICT_OBJC_MSGSEND = YES;
				ENABLE_TESTABILITY = YES;
				ENABLE_USER_SCRIPT_SANDBOXING = YES;
				GCC_C_LANGUAGE_STANDARD = gnu17;
				GCC_DYNAMIC_NO_PIC = NO;
				GCC_NO_COMMON_BLOCKS = YES;
				GCC_OPTIMIZATION_LEVEL = 0;
				GCC_PREPROCESSOR_DEFINITIONS = (
					"DEBUG=1",
					"$(inherited)",
				);
				GCC_WARN_64_TO_32_BIT_CONVERSION = YES;
				GCC_WARN_ABOUT_RETURN_TYPE = YES_ERROR;
				GCC_WARN_UNDECLARED_SELECTOR = YES;
				GCC_WARN_UNINITIALIZED_AUTOS = YES_AGGRESSIVE;
				GCC_WARN_UNUSED_FUNCTION = YES;
				GCC_WARN_UNUSED_VARIABLE = YES;
				IPHONEOS_DEPLOYMENT_TARGET = 15.0;
				LOCALIZATION_PREFERS_STRING_CATALOGS = YES;
				MTL_ENABLE_DEBUG_INFO = INCLUDE_SOURCE;
				MTL_FAST_MATH = YES;
				ONLY_ACTIVE_ARCH = YES;
				SDKROOT = iphoneos;
				SWIFT_ACTIVE_COMPILATION_CONDITIONS = "DEBUG $(inherited)";
				SWIFT_OPTIMIZATION_LEVEL = "-Onone";
			};
			name = Debug;
		};
		FA7D5C082C5EA05C00D20E45 /* Release */ = {
			isa = XCBuildConfiguration;
			buildSettings = {
				ALWAYS_SEARCH_USER_PATHS = NO;
				ASSETCATALOG_COMPILER_GENERATE_SWIFT_ASSET_SYMBOL_EXTENSIONS = YES;
				CLANG_ANALYZER_NONNULL = YES;
				CLANG_ANALYZER_NUMBER_OBJECT_CONVERSION = YES_AGGRESSIVE;
				CLANG_CXX_LANGUAGE_STANDARD = "gnu++20";
				CLANG_ENABLE_MODULES = YES;
				CLANG_ENABLE_OBJC_ARC = YES;
				CLANG_ENABLE_OBJC_WEAK = YES;
				CLANG_WARN_BLOCK_CAPTURE_AUTORELEASING = YES;
				CLANG_WARN_BOOL_CONVERSION = YES;
				CLANG_WARN_COMMA = YES;
				CLANG_WARN_CONSTANT_CONVERSION = YES;
				CLANG_WARN_DEPRECATED_OBJC_IMPLEMENTATIONS = YES;
				CLANG_WARN_DIRECT_OBJC_ISA_USAGE = YES_ERROR;
				CLANG_WARN_DOCUMENTATION_COMMENTS = YES;
				CLANG_WARN_EMPTY_BODY = YES;
				CLANG_WARN_ENUM_CONVERSION = YES;
				CLANG_WARN_INFINITE_RECURSION = YES;
				CLANG_WARN_INT_CONVERSION = YES;
				CLANG_WARN_NON_LITERAL_NULL_CONVERSION = YES;
				CLANG_WARN_OBJC_IMPLICIT_RETAIN_SELF = YES;
				CLANG_WARN_OBJC_LITERAL_CONVERSION = YES;
				CLANG_WARN_OBJC_ROOT_CLASS = YES_ERROR;
				CLANG_WARN_QUOTED_INCLUDE_IN_FRAMEWORK_HEADER = YES;
				CLANG_WARN_RANGE_LOOP_ANALYSIS = YES;
				CLANG_WARN_STRICT_PROTOTYPES = YES;
				CLANG_WARN_SUSPICIOUS_MOVE = YES;
				CLANG_WARN_UNGUARDED_AVAILABILITY = YES_AGGRESSIVE;
				CLANG_WARN_UNREACHABLE_CODE = YES;
				CLANG_WARN__DUPLICATE_METHOD_MATCH = YES;
				COPY_PHASE_STRIP = NO;
				DEBUG_INFORMATION_FORMAT = "dwarf-with-dsym";
				ENABLE_NS_ASSERTIONS = NO;
				ENABLE_STRICT_OBJC_MSGSEND = YES;
				ENABLE_USER_SCRIPT_SANDBOXING = YES;
				GCC_C_LANGUAGE_STANDARD = gnu17;
				GCC_NO_COMMON_BLOCKS = YES;
				GCC_WARN_64_TO_32_BIT_CONVERSION = YES;
				GCC_WARN_ABOUT_RETURN_TYPE = YES_ERROR;
				GCC_WARN_UNDECLARED_SELECTOR = YES;
				GCC_WARN_UNINITIALIZED_AUTOS = YES_AGGRESSIVE;
				GCC_WARN_UNUSED_FUNCTION = YES;
				GCC_WARN_UNUSED_VARIABLE = YES;
				IPHONEOS_DEPLOYMENT_TARGET = 15.0;
				LOCALIZATION_PREFERS_STRING_CATALOGS = YES;
				MTL_ENABLE_DEBUG_INFO = NO;
				MTL_FAST_MATH = YES;
				SDKROOT = iphoneos;
				SWIFT_COMPILATION_MODE = wholemodule;
				VALIDATE_PRODUCT = YES;
			};
			name = Release;
		};
		FA7D5C0A2C5EA05C00D20E45 /* Debug */ = {
			isa = XCBuildConfiguration;
			baseConfigurationReference = 7C1C143516EB8F89025C8A20 /* Pods-RecetasApp.debug.xcconfig */;
			buildSettings = {
				ASSETCATALOG_COMPILER_APPICON_NAME = AppIcon;
				ASSETCATALOG_COMPILER_GLOBAL_ACCENT_COLOR_NAME = AccentColor;
				ASSETCATALOG_COMPILER_INCLUDE_ALL_APPICON_ASSETS = NO;
				CODE_SIGN_STYLE = Automatic;
				CURRENT_PROJECT_VERSION = 1;
				DEVELOPMENT_ASSET_PATHS = "\"RecetasApp/Preview Content\"";
				DEVELOPMENT_TEAM = H9JXH336V5;
				ENABLE_PREVIEWS = YES;
				ENABLE_USER_SCRIPT_SANDBOXING = NO;
				GENERATE_INFOPLIST_FILE = YES;
				INFOPLIST_KEY_NSCameraUsageDescription = "This app needs to capture image to show in the app.";
				INFOPLIST_KEY_UIApplicationSceneManifest_Generation = YES;
				INFOPLIST_KEY_UIApplicationSupportsIndirectInputEvents = YES;
				INFOPLIST_KEY_UILaunchScreen_Generation = YES;
				INFOPLIST_KEY_UILaunchStoryboardName = "";
				INFOPLIST_KEY_UISupportedInterfaceOrientations = "UIInterfaceOrientationLandscapeLeft UIInterfaceOrientationLandscapeRight UIInterfaceOrientationPortrait";
				INFOPLIST_KEY_UISupportedInterfaceOrientations_iPad = "UIInterfaceOrientationLandscapeLeft UIInterfaceOrientationLandscapeRight UIInterfaceOrientationPortrait UIInterfaceOrientationPortraitUpsideDown";
				LD_RUNPATH_SEARCH_PATHS = (
					"$(inherited)",
					"@executable_path/Frameworks",
				);
				MARKETING_VERSION = 1.0;
				PRODUCT_BUNDLE_IDENTIFIER = com.ronaldoswift.RecetasApp;
				PRODUCT_NAME = "$(TARGET_NAME)";
				SUPPORTED_PLATFORMS = "iphoneos iphonesimulator";
				SUPPORTS_MACCATALYST = NO;
				SUPPORTS_MAC_DESIGNED_FOR_IPHONE_IPAD = NO;
				SWIFT_EMIT_LOC_STRINGS = YES;
				SWIFT_VERSION = 5.0;
				TARGETED_DEVICE_FAMILY = 1;
			};
			name = Debug;
		};
		FA7D5C0B2C5EA05C00D20E45 /* Release */ = {
			isa = XCBuildConfiguration;
			baseConfigurationReference = 089A0DE4F540B3923440F10E /* Pods-RecetasApp.release.xcconfig */;
			buildSettings = {
				ASSETCATALOG_COMPILER_APPICON_NAME = AppIcon;
				ASSETCATALOG_COMPILER_GLOBAL_ACCENT_COLOR_NAME = AccentColor;
				ASSETCATALOG_COMPILER_INCLUDE_ALL_APPICON_ASSETS = NO;
				CODE_SIGN_STYLE = Automatic;
				CURRENT_PROJECT_VERSION = 1;
				DEVELOPMENT_ASSET_PATHS = "\"RecetasApp/Preview Content\"";
				DEVELOPMENT_TEAM = H9JXH336V5;
				ENABLE_PREVIEWS = YES;
				ENABLE_USER_SCRIPT_SANDBOXING = NO;
				GENERATE_INFOPLIST_FILE = YES;
				INFOPLIST_KEY_NSCameraUsageDescription = "This app needs to capture image to show in the app.";
				INFOPLIST_KEY_UIApplicationSceneManifest_Generation = YES;
				INFOPLIST_KEY_UIApplicationSupportsIndirectInputEvents = YES;
				INFOPLIST_KEY_UILaunchScreen_Generation = YES;
				INFOPLIST_KEY_UILaunchStoryboardName = "";
				INFOPLIST_KEY_UISupportedInterfaceOrientations = "UIInterfaceOrientationLandscapeLeft UIInterfaceOrientationLandscapeRight UIInterfaceOrientationPortrait";
				INFOPLIST_KEY_UISupportedInterfaceOrientations_iPad = "UIInterfaceOrientationLandscapeLeft UIInterfaceOrientationLandscapeRight UIInterfaceOrientationPortrait UIInterfaceOrientationPortraitUpsideDown";
				LD_RUNPATH_SEARCH_PATHS = (
					"$(inherited)",
					"@executable_path/Frameworks",
				);
				MARKETING_VERSION = 1.0;
				PRODUCT_BUNDLE_IDENTIFIER = com.ronaldoswift.RecetasApp;
				PRODUCT_NAME = "$(TARGET_NAME)";
				SUPPORTED_PLATFORMS = "iphoneos iphonesimulator";
				SUPPORTS_MACCATALYST = NO;
				SUPPORTS_MAC_DESIGNED_FOR_IPHONE_IPAD = NO;
				SWIFT_EMIT_LOC_STRINGS = YES;
				SWIFT_VERSION = 5.0;
				TARGETED_DEVICE_FAMILY = 1;
			};
			name = Release;
		};
		FA7D5C0D2C5EA05C00D20E45 /* Debug */ = {
			isa = XCBuildConfiguration;
			baseConfigurationReference = A308BBDC68758539EB71C2EE /* Pods-RecetasAppTests.debug.xcconfig */;
			buildSettings = {
				ALWAYS_EMBED_SWIFT_STANDARD_LIBRARIES = YES;
				BUNDLE_LOADER = "$(TEST_HOST)";
				CODE_SIGN_STYLE = Automatic;
				CURRENT_PROJECT_VERSION = 1;
				DEVELOPMENT_TEAM = H9JXH336V5;
				GENERATE_INFOPLIST_FILE = YES;
				IPHONEOS_DEPLOYMENT_TARGET = 15.0;
				MARKETING_VERSION = 1.0;
				PRODUCT_BUNDLE_IDENTIFIER = com.ronaldoswift.RecetasAppTests;
				PRODUCT_NAME = "$(TARGET_NAME)";
				SUPPORTED_PLATFORMS = "iphoneos iphonesimulator";
				SUPPORTS_MACCATALYST = NO;
				SUPPORTS_MAC_DESIGNED_FOR_IPHONE_IPAD = NO;
				SWIFT_EMIT_LOC_STRINGS = NO;
				SWIFT_VERSION = 5.0;
				TARGETED_DEVICE_FAMILY = 1;
				TEST_HOST = "$(BUILT_PRODUCTS_DIR)/RecetasApp.app/$(BUNDLE_EXECUTABLE_FOLDER_PATH)/RecetasApp";
			};
			name = Debug;
		};
		FA7D5C0E2C5EA05C00D20E45 /* Release */ = {
			isa = XCBuildConfiguration;
			baseConfigurationReference = BFAFABC5DB644A49334E6714 /* Pods-RecetasAppTests.release.xcconfig */;
			buildSettings = {
				ALWAYS_EMBED_SWIFT_STANDARD_LIBRARIES = YES;
				BUNDLE_LOADER = "$(TEST_HOST)";
				CODE_SIGN_STYLE = Automatic;
				CURRENT_PROJECT_VERSION = 1;
				DEVELOPMENT_TEAM = H9JXH336V5;
				GENERATE_INFOPLIST_FILE = YES;
				IPHONEOS_DEPLOYMENT_TARGET = 15.0;
				MARKETING_VERSION = 1.0;
				PRODUCT_BUNDLE_IDENTIFIER = com.ronaldoswift.RecetasAppTests;
				PRODUCT_NAME = "$(TARGET_NAME)";
				SUPPORTED_PLATFORMS = "iphoneos iphonesimulator";
				SUPPORTS_MACCATALYST = NO;
				SUPPORTS_MAC_DESIGNED_FOR_IPHONE_IPAD = NO;
				SWIFT_EMIT_LOC_STRINGS = NO;
				SWIFT_VERSION = 5.0;
				TARGETED_DEVICE_FAMILY = 1;
				TEST_HOST = "$(BUILT_PRODUCTS_DIR)/RecetasApp.app/$(BUNDLE_EXECUTABLE_FOLDER_PATH)/RecetasApp";
			};
			name = Release;
		};
		FA7D5C102C5EA05C00D20E45 /* Debug */ = {
			isa = XCBuildConfiguration;
			baseConfigurationReference = AFDAA19037F08121805EB3EB /* Pods-RecetasApp-RecetasAppUITests.debug.xcconfig */;
			buildSettings = {
				ALWAYS_EMBED_SWIFT_STANDARD_LIBRARIES = YES;
				CODE_SIGN_STYLE = Automatic;
				CURRENT_PROJECT_VERSION = 1;
				DEVELOPMENT_TEAM = H9JXH336V5;
				GENERATE_INFOPLIST_FILE = YES;
				MARKETING_VERSION = 1.0;
				PRODUCT_BUNDLE_IDENTIFIER = com.ronaldoswift.RecetasAppUITests;
				PRODUCT_NAME = "$(TARGET_NAME)";
				SUPPORTED_PLATFORMS = "iphoneos iphonesimulator";
				SUPPORTS_MACCATALYST = NO;
				SUPPORTS_MAC_DESIGNED_FOR_IPHONE_IPAD = NO;
				SWIFT_EMIT_LOC_STRINGS = NO;
				SWIFT_VERSION = 5.0;
				TARGETED_DEVICE_FAMILY = 1;
				TEST_TARGET_NAME = RecetasApp;
			};
			name = Debug;
		};
		FA7D5C112C5EA05C00D20E45 /* Release */ = {
			isa = XCBuildConfiguration;
			baseConfigurationReference = 300E0D8048E6A11B28DE7C56 /* Pods-RecetasApp-RecetasAppUITests.release.xcconfig */;
			buildSettings = {
				ALWAYS_EMBED_SWIFT_STANDARD_LIBRARIES = YES;
				CODE_SIGN_STYLE = Automatic;
				CURRENT_PROJECT_VERSION = 1;
				DEVELOPMENT_TEAM = H9JXH336V5;
				GENERATE_INFOPLIST_FILE = YES;
				MARKETING_VERSION = 1.0;
				PRODUCT_BUNDLE_IDENTIFIER = com.ronaldoswift.RecetasAppUITests;
				PRODUCT_NAME = "$(TARGET_NAME)";
				SUPPORTED_PLATFORMS = "iphoneos iphonesimulator";
				SUPPORTS_MACCATALYST = NO;
				SUPPORTS_MAC_DESIGNED_FOR_IPHONE_IPAD = NO;
				SWIFT_EMIT_LOC_STRINGS = NO;
				SWIFT_VERSION = 5.0;
				TARGETED_DEVICE_FAMILY = 1;
				TEST_TARGET_NAME = RecetasApp;
			};
			name = Release;
		};
/* End XCBuildConfiguration section */

/* Begin XCConfigurationList section */
		FA7D5BE02C5EA05A00D20E45 /* Build configuration list for PBXProject "RecetasApp" */ = {
			isa = XCConfigurationList;
			buildConfigurations = (
				FA7D5C072C5EA05C00D20E45 /* Debug */,
				FA7D5C082C5EA05C00D20E45 /* Release */,
			);
			defaultConfigurationIsVisible = 0;
			defaultConfigurationName = Release;
		};
		FA7D5C092C5EA05C00D20E45 /* Build configuration list for PBXNativeTarget "RecetasApp" */ = {
			isa = XCConfigurationList;
			buildConfigurations = (
				FA7D5C0A2C5EA05C00D20E45 /* Debug */,
				FA7D5C0B2C5EA05C00D20E45 /* Release */,
			);
			defaultConfigurationIsVisible = 0;
			defaultConfigurationName = Release;
		};
		FA7D5C0C2C5EA05C00D20E45 /* Build configuration list for PBXNativeTarget "RecetasAppTests" */ = {
			isa = XCConfigurationList;
			buildConfigurations = (
				FA7D5C0D2C5EA05C00D20E45 /* Debug */,
				FA7D5C0E2C5EA05C00D20E45 /* Release */,
			);
			defaultConfigurationIsVisible = 0;
			defaultConfigurationName = Release;
		};
		FA7D5C0F2C5EA05C00D20E45 /* Build configuration list for PBXNativeTarget "RecetasAppUITests" */ = {
			isa = XCConfigurationList;
			buildConfigurations = (
				FA7D5C102C5EA05C00D20E45 /* Debug */,
				FA7D5C112C5EA05C00D20E45 /* Release */,
			);
			defaultConfigurationIsVisible = 0;
			defaultConfigurationName = Release;
		};
/* End XCConfigurationList section */
	};
	rootObject = FA7D5BDD2C5EA05A00D20E45 /* Project object */;
}
