// !$*UTF8*$!
{
	archiveVersion = 1;
	classes = {
	};
	objectVersion = 56;
	objects = {

/* Begin PBXBuildFile section */
		0A1BB2D3145E1C4688716198 /* Pods_RecetasApp.framework in Frameworks */ = {isa = PBXBuildFile; fileRef = F47A5A247E994EB3D4D1D283 /* Pods_RecetasApp.framework */; };
		A3B6055B20833CDD119460A9 /* Pods_RecetasAppTests.framework in Frameworks */ = {isa = PBXBuildFile; fileRef = 8E7EE6E2BBD3749615959C2C /* Pods_RecetasAppTests.framework */; };
		D20115B85B470BDFCB3B3655 /* Pods_RecetasApp_RecetasAppUITests.framework in Frameworks */ = {isa = PBXBuildFile; fileRef = 71A7DF4A5027781B2623BF0A /* Pods_RecetasApp_RecetasAppUITests.framework */; };
		FA13D81C2C6158C500EE623D /* HomeScreenView.swift in Sources */ = {isa = PBXBuildFile; fileRef = FA13D81B2C6158C500EE623D /* HomeScreenView.swift */; };
		FA6483E22C6196A0001C4722 /* RecetasWebService.swift in Sources */ = {isa = PBXBuildFile; fileRef = FA6483E12C6196A0001C4722 /* RecetasWebService.swift */; };
		FA6483E72C619853001C4722 /* RecetaResponse.swift in Sources */ = {isa = PBXBuildFile; fileRef = FA6483E62C619853001C4722 /* RecetaResponse.swift */; };
		FA6483E92C619CC0001C4722 /* ErrorResponse.swift in Sources */ = {isa = PBXBuildFile; fileRef = FA6483E82C619CC0001C4722 /* ErrorResponse.swift */; };
		FA6483EE2C619E61001C4722 /* RecetaRepository.swift in Sources */ = {isa = PBXBuildFile; fileRef = FA6483ED2C619E61001C4722 /* RecetaRepository.swift */; };
		FA6483F02C619F6B001C4722 /* Receta.swift in Sources */ = {isa = PBXBuildFile; fileRef = FA6483EF2C619F6B001C4722 /* Receta.swift */; };
		FA7D5BE92C5EA05A00D20E45 /* RecetasAppApp.swift in Sources */ = {isa = PBXBuildFile; fileRef = FA7D5BE82C5EA05A00D20E45 /* RecetasAppApp.swift */; };
		FA7D5BED2C5EA05B00D20E45 /* Assets.xcassets in Resources */ = {isa = PBXBuildFile; fileRef = FA7D5BEC2C5EA05B00D20E45 /* Assets.xcassets */; };
		FA7D5BF02C5EA05B00D20E45 /* Preview Assets.xcassets in Resources */ = {isa = PBXBuildFile; fileRef = FA7D5BEF2C5EA05B00D20E45 /* Preview Assets.xcassets */; };
		FA7D5BFA2C5EA05C00D20E45 /* RecetasAppTests.swift in Sources */ = {isa = PBXBuildFile; fileRef = FA7D5BF92C5EA05C00D20E45 /* RecetasAppTests.swift */; };
		FA7D5C042C5EA05C00D20E45 /* RecetasAppUITests.swift in Sources */ = {isa = PBXBuildFile; fileRef = FA7D5C032C5EA05C00D20E45 /* RecetasAppUITests.swift */; };
		FA7D5C062C5EA05C00D20E45 /* RecetasAppUITestsLaunchTests.swift in Sources */ = {isa = PBXBuildFile; fileRef = FA7D5C052C5EA05C00D20E45 /* RecetasAppUITestsLaunchTests.swift */; };
/* End PBXBuildFile section */

/* Begin PBXContainerItemProxy section */
		FA7D5BF62C5EA05C00D20E45 /* PBXContainerItemProxy */ = {
			isa = PBXContainerItemProxy;
			containerPortal = FA7D5BDD2C5EA05A00D20E45 /* Project object */;
			proxyType = 1;
			remoteGlobalIDString = FA7D5BE42C5EA05A00D20E45;
			remoteInfo = RecetasApp;
		};
		FA7D5C002C5EA05C00D20E45 /* PBXContainerItemProxy */ = {
			isa = PBXContainerItemProxy;
			containerPortal = FA7D5BDD2C5EA05A00D20E45 /* Project object */;
			proxyType = 1;
			remoteGlobalIDString = FA7D5BE42C5EA05A00D20E45;
			remoteInfo = RecetasApp;
		};
/* End PBXContainerItemProxy section */

/* Begin PBXFileReference section */
		71A7DF4A5027781B2623BF0A /* Pods_RecetasApp_RecetasAppUITests.framework */ = {isa = PBXFileReference; explicitFileType = wrapper.framework; includeInIndex = 0; path = Pods_RecetasApp_RecetasAppUITests.framework; sourceTree = BUILT_PRODUCTS_DIR; };
		73CB1A279159D0CC1B1B9616 /* Pods-RecetasApp.release.xcconfig */ = {isa = PBXFileReference; includeInIndex = 1; lastKnownFileType = text.xcconfig; name = "Pods-RecetasApp.release.xcconfig"; path = "Target Support Files/Pods-RecetasApp/Pods-RecetasApp.release.xcconfig"; sourceTree = "<group>"; };
		8E7EE6E2BBD3749615959C2C /* Pods_RecetasAppTests.framework */ = {isa = PBXFileReference; explicitFileType = wrapper.framework; includeInIndex = 0; path = Pods_RecetasAppTests.framework; sourceTree = BUILT_PRODUCTS_DIR; };
		A2B52D18F39FEB9DD7F1F15E /* Pods-RecetasApp-RecetasAppUITests.release.xcconfig */ = {isa = PBXFileReference; includeInIndex = 1; lastKnownFileType = text.xcconfig; name = "Pods-RecetasApp-RecetasAppUITests.release.xcconfig"; path = "Target Support Files/Pods-RecetasApp-RecetasAppUITests/Pods-RecetasApp-RecetasAppUITests.release.xcconfig"; sourceTree = "<group>"; };
		ACEEFCBDFF82C7D7B212ECC8 /* Pods-RecetasApp-RecetasAppUITests.debug.xcconfig */ = {isa = PBXFileReference; includeInIndex = 1; lastKnownFileType = text.xcconfig; name = "Pods-RecetasApp-RecetasAppUITests.debug.xcconfig"; path = "Target Support Files/Pods-RecetasApp-RecetasAppUITests/Pods-RecetasApp-RecetasAppUITests.debug.xcconfig"; sourceTree = "<group>"; };
		F1DCB9C84460B3A571D2FCE1 /* Pods-RecetasApp.debug.xcconfig */ = {isa = PBXFileReference; includeInIndex = 1; lastKnownFileType = text.xcconfig; name = "Pods-RecetasApp.debug.xcconfig"; path = "Target Support Files/Pods-RecetasApp/Pods-RecetasApp.debug.xcconfig"; sourceTree = "<group>"; };
		F47A5A247E994EB3D4D1D283 /* Pods_RecetasApp.framework */ = {isa = PBXFileReference; explicitFileType = wrapper.framework; includeInIndex = 0; path = Pods_RecetasApp.framework; sourceTree = BUILT_PRODUCTS_DIR; };
		FA13D81B2C6158C500EE623D /* HomeScreenView.swift */ = {isa = PBXFileReference; lastKnownFileType = sourcecode.swift; path = HomeScreenView.swift; sourceTree = "<group>"; };
		FA6483E12C6196A0001C4722 /* RecetasWebService.swift */ = {isa = PBXFileReference; lastKnownFileType = sourcecode.swift; path = RecetasWebService.swift; sourceTree = "<group>"; };
		FA6483E62C619853001C4722 /* RecetaResponse.swift */ = {isa = PBXFileReference; lastKnownFileType = sourcecode.swift; path = RecetaResponse.swift; sourceTree = "<group>"; };
		FA6483E82C619CC0001C4722 /* ErrorResponse.swift */ = {isa = PBXFileReference; lastKnownFileType = sourcecode.swift; path = ErrorResponse.swift; sourceTree = "<group>"; };
		FA6483ED2C619E61001C4722 /* RecetaRepository.swift */ = {isa = PBXFileReference; lastKnownFileType = sourcecode.swift; path = RecetaRepository.swift; sourceTree = "<group>"; };
		FA6483EF2C619F6B001C4722 /* Receta.swift */ = {isa = PBXFileReference; lastKnownFileType = sourcecode.swift; path = Receta.swift; sourceTree = "<group>"; };
		FA7D5BE52C5EA05A00D20E45 /* RecetasApp.app */ = {isa = PBXFileReference; explicitFileType = wrapper.application; includeInIndex = 0; path = RecetasApp.app; sourceTree = BUILT_PRODUCTS_DIR; };
		FA7D5BE82C5EA05A00D20E45 /* RecetasAppApp.swift */ = {isa = PBXFileReference; lastKnownFileType = sourcecode.swift; path = RecetasAppApp.swift; sourceTree = "<group>"; };
		FA7D5BEC2C5EA05B00D20E45 /* Assets.xcassets */ = {isa = PBXFileReference; lastKnownFileType = folder.assetcatalog; path = Assets.xcassets; sourceTree = "<group>"; };
		FA7D5BEF2C5EA05B00D20E45 /* Preview Assets.xcassets */ = {isa = PBXFileReference; lastKnownFileType = folder.assetcatalog; path = "Preview Assets.xcassets"; sourceTree = "<group>"; };
		FA7D5BF52C5EA05C00D20E45 /* RecetasAppTests.xctest */ = {isa = PBXFileReference; explicitFileType = wrapper.cfbundle; includeInIndex = 0; path = RecetasAppTests.xctest; sourceTree = BUILT_PRODUCTS_DIR; };
		FA7D5BF92C5EA05C00D20E45 /* RecetasAppTests.swift */ = {isa = PBXFileReference; lastKnownFileType = sourcecode.swift; path = RecetasAppTests.swift; sourceTree = "<group>"; };
		FA7D5BFF2C5EA05C00D20E45 /* RecetasAppUITests.xctest */ = {isa = PBXFileReference; explicitFileType = wrapper.cfbundle; includeInIndex = 0; path = RecetasAppUITests.xctest; sourceTree = BUILT_PRODUCTS_DIR; };
		FA7D5C032C5EA05C00D20E45 /* RecetasAppUITests.swift */ = {isa = PBXFileReference; lastKnownFileType = sourcecode.swift; path = RecetasAppUITests.swift; sourceTree = "<group>"; };
		FA7D5C052C5EA05C00D20E45 /* RecetasAppUITestsLaunchTests.swift */ = {isa = PBXFileReference; lastKnownFileType = sourcecode.swift; path = RecetasAppUITestsLaunchTests.swift; sourceTree = "<group>"; };
		FB3EE01046F82A0974706C2B /* Pods-RecetasAppTests.release.xcconfig */ = {isa = PBXFileReference; includeInIndex = 1; lastKnownFileType = text.xcconfig; name = "Pods-RecetasAppTests.release.xcconfig"; path = "Target Support Files/Pods-RecetasAppTests/Pods-RecetasAppTests.release.xcconfig"; sourceTree = "<group>"; };
		FE2A54BBE62DD8D5500DB41A /* Pods-RecetasAppTests.debug.xcconfig */ = {isa = PBXFileReference; includeInIndex = 1; lastKnownFileType = text.xcconfig; name = "Pods-RecetasAppTests.debug.xcconfig"; path = "Target Support Files/Pods-RecetasAppTests/Pods-RecetasAppTests.debug.xcconfig"; sourceTree = "<group>"; };
/* End PBXFileReference section */

/* Begin PBXFrameworksBuildPhase section */
		FA7D5BE22C5EA05A00D20E45 /* Frameworks */ = {
			isa = PBXFrameworksBuildPhase;
			buildActionMask = 2147483647;
			files = (
				0A1BB2D3145E1C4688716198 /* Pods_RecetasApp.framework in Frameworks */,
			);
			runOnlyForDeploymentPostprocessing = 0;
		};
		FA7D5BF22C5EA05C00D20E45 /* Frameworks */ = {
			isa = PBXFrameworksBuildPhase;
			buildActionMask = 2147483647;
			files = (
				A3B6055B20833CDD119460A9 /* Pods_RecetasAppTests.framework in Frameworks */,
			);
			runOnlyForDeploymentPostprocessing = 0;
		};
		FA7D5BFC2C5EA05C00D20E45 /* Frameworks */ = {
			isa = PBXFrameworksBuildPhase;
			buildActionMask = 2147483647;
			files = (
				D20115B85B470BDFCB3B3655 /* Pods_RecetasApp_RecetasAppUITests.framework in Frameworks */,
			);
			runOnlyForDeploymentPostprocessing = 0;
		};
/* End PBXFrameworksBuildPhase section */

/* Begin PBXGroup section */
		0F00F8B886637EA3D5CDBBDE /* Pods */ = {
			isa = PBXGroup;
			children = (
				F1DCB9C84460B3A571D2FCE1 /* Pods-RecetasApp.debug.xcconfig */,
				73CB1A279159D0CC1B1B9616 /* Pods-RecetasApp.release.xcconfig */,
				ACEEFCBDFF82C7D7B212ECC8 /* Pods-RecetasApp-RecetasAppUITests.debug.xcconfig */,
				A2B52D18F39FEB9DD7F1F15E /* Pods-RecetasApp-RecetasAppUITests.release.xcconfig */,
				FE2A54BBE62DD8D5500DB41A /* Pods-RecetasAppTests.debug.xcconfig */,
				FB3EE01046F82A0974706C2B /* Pods-RecetasAppTests.release.xcconfig */,
			);
			path = Pods;
			sourceTree = "<group>";
		};
		B4A22A78AB05130B2545DE81 /* Frameworks */ = {
			isa = PBXGroup;
			children = (
				F47A5A247E994EB3D4D1D283 /* Pods_RecetasApp.framework */,
				71A7DF4A5027781B2623BF0A /* Pods_RecetasApp_RecetasAppUITests.framework */,
				8E7EE6E2BBD3749615959C2C /* Pods_RecetasAppTests.framework */,
			);
			name = Frameworks;
			sourceTree = "<group>";
		};
		FA6483DE2C6193C7001C4722 /* App */ = {
			isa = PBXGroup;
			children = (
				FA7D5BE82C5EA05A00D20E45 /* RecetasAppApp.swift */,
			);
			path = App;
			sourceTree = "<group>";
		};
		FA6483DF2C6193D0001C4722 /* Presentation */ = {
			isa = PBXGroup;
			children = (
				FA13D81B2C6158C500EE623D /* HomeScreenView.swift */,
			);
			path = Presentation;
			sourceTree = "<group>";
		};
		FA6483E02C619664001C4722 /* Data */ = {
			isa = PBXGroup;
			children = (
				FA6483E42C61976C001C4722 /* Modelo */,
				FA6483E32C6196F5001C4722 /* RecetasAppWebService */,
			);
			path = Data;
			sourceTree = "<group>";
		};
		FA6483E32C6196F5001C4722 /* RecetasAppWebService */ = {
			isa = PBXGroup;
			children = (
				FA6483E12C6196A0001C4722 /* RecetasWebService.swift */,
				FA6483E82C619CC0001C4722 /* ErrorResponse.swift */,
			);
			path = RecetasAppWebService;
			sourceTree = "<group>";
		};
		FA6483E42C61976C001C4722 /* Modelo */ = {
			isa = PBXGroup;
			children = (
				FA6483E52C619773001C4722 /* Response */,
			);
			path = Modelo;
			sourceTree = "<group>";
		};
		FA6483E52C619773001C4722 /* Response */ = {
			isa = PBXGroup;
			children = (
				FA6483E62C619853001C4722 /* RecetaResponse.swift */,
			);
			path = Response;
			sourceTree = "<group>";
		};
		FA6483EA2C619D99001C4722 /* Domain */ = {
			isa = PBXGroup;
			children = (
				FA6483EB2C619DB3001C4722 /* Repository */,
				FA6483EC2C619E3F001C4722 /* Modelo */,
			);
			path = Domain;
			sourceTree = "<group>";
		};
		FA6483EB2C619DB3001C4722 /* Repository */ = {
			isa = PBXGroup;
			children = (
				FA6483ED2C619E61001C4722 /* RecetaRepository.swift */,
			);
			path = Repository;
			sourceTree = "<group>";
		};
		FA6483EC2C619E3F001C4722 /* Modelo */ = {
			isa = PBXGroup;
			children = (
				FA6483EF2C619F6B001C4722 /* Receta.swift */,
			);
			path = Modelo;
			sourceTree = "<group>";
		};
		FA7D5BDC2C5EA05A00D20E45 = {
			isa = PBXGroup;
			children = (
				FA7D5BE72C5EA05A00D20E45 /* RecetasApp */,
				FA7D5BF82C5EA05C00D20E45 /* RecetasAppTests */,
				FA7D5C022C5EA05C00D20E45 /* RecetasAppUITests */,
				FA7D5BE62C5EA05A00D20E45 /* Products */,
				0F00F8B886637EA3D5CDBBDE /* Pods */,
				B4A22A78AB05130B2545DE81 /* Frameworks */,
			);
			sourceTree = "<group>";
		};
		FA7D5BE62C5EA05A00D20E45 /* Products */ = {
			isa = PBXGroup;
			children = (
				FA7D5BE52C5EA05A00D20E45 /* RecetasApp.app */,
				FA7D5BF52C5EA05C00D20E45 /* RecetasAppTests.xctest */,
				FA7D5BFF2C5EA05C00D20E45 /* RecetasAppUITests.xctest */,
			);
			name = Products;
			sourceTree = "<group>";
		};
		FA7D5BE72C5EA05A00D20E45 /* RecetasApp */ = {
			isa = PBXGroup;
			children = (
				FA6483DE2C6193C7001C4722 /* App */,
				FA6483DF2C6193D0001C4722 /* Presentation */,
				FA6483EA2C619D99001C4722 /* Domain */,
				FA6483E02C619664001C4722 /* Data */,
				FA7D5BEC2C5EA05B00D20E45 /* Assets.xcassets */,
				FA7D5BEE2C5EA05B00D20E45 /* Preview Content */,
			);
			path = RecetasApp;
			sourceTree = "<group>";
		};
		FA7D5BEE2C5EA05B00D20E45 /* Preview Content */ = {
			isa = PBXGroup;
			children = (
				FA7D5BEF2C5EA05B00D20E45 /* Preview Assets.xcassets */,
			);
			path = "Preview Content";
			sourceTree = "<group>";
		};
		FA7D5BF82C5EA05C00D20E45 /* RecetasAppTests */ = {
			isa = PBXGroup;
			children = (
				FA7D5BF92C5EA05C00D20E45 /* RecetasAppTests.swift */,
			);
			path = RecetasAppTests;
			sourceTree = "<group>";
		};
		FA7D5C022C5EA05C00D20E45 /* RecetasAppUITests */ = {
			isa = PBXGroup;
			children = (
				FA7D5C032C5EA05C00D20E45 /* RecetasAppUITests.swift */,
				FA7D5C052C5EA05C00D20E45 /* RecetasAppUITestsLaunchTests.swift */,
			);
			path = RecetasAppUITests;
			sourceTree = "<group>";
		};
/* End PBXGroup section */

/* Begin PBXNativeTarget section */
		FA7D5BE42C5EA05A00D20E45 /* RecetasApp */ = {
			isa = PBXNativeTarget;
			buildConfigurationList = FA7D5C092C5EA05C00D20E45 /* Build configuration list for PBXNativeTarget "RecetasApp" */;
			buildPhases = (
				F06CC4A8670BB3EDD115F5AB /* [CP] Check Pods Manifest.lock */,
				FA7D5BE12C5EA05A00D20E45 /* Sources */,
				FA7D5BE22C5EA05A00D20E45 /* Frameworks */,
				FA7D5BE32C5EA05A00D20E45 /* Resources */,
			);
			buildRules = (
			);
			dependencies = (
			);
			name = RecetasApp;
			productName = RecetasApp;
			productReference = FA7D5BE52C5EA05A00D20E45 /* RecetasApp.app */;
			productType = "com.apple.product-type.application";
		};
		FA7D5BF42C5EA05C00D20E45 /* RecetasAppTests */ = {
			isa = PBXNativeTarget;
			buildConfigurationList = FA7D5C0C2C5EA05C00D20E45 /* Build configuration list for PBXNativeTarget "RecetasAppTests" */;
			buildPhases = (
				A44B5C53E60EA44E96F73AA3 /* [CP] Check Pods Manifest.lock */,
				FA7D5BF12C5EA05C00D20E45 /* Sources */,
				FA7D5BF22C5EA05C00D20E45 /* Frameworks */,
				FA7D5BF32C5EA05C00D20E45 /* Resources */,
			);
			buildRules = (
			);
			dependencies = (
				FA7D5BF72C5EA05C00D20E45 /* PBXTargetDependency */,
			);
			name = RecetasAppTests;
			productName = RecetasAppTests;
			productReference = FA7D5BF52C5EA05C00D20E45 /* RecetasAppTests.xctest */;
			productType = "com.apple.product-type.bundle.unit-test";
		};
		FA7D5BFE2C5EA05C00D20E45 /* RecetasAppUITests */ = {
			isa = PBXNativeTarget;
			buildConfigurationList = FA7D5C0F2C5EA05C00D20E45 /* Build configuration list for PBXNativeTarget "RecetasAppUITests" */;
			buildPhases = (
				3DB9BA57183AD78CD5E48A3E /* [CP] Check Pods Manifest.lock */,
				FA7D5BFB2C5EA05C00D20E45 /* Sources */,
				FA7D5BFC2C5EA05C00D20E45 /* Frameworks */,
				FA7D5BFD2C5EA05C00D20E45 /* Resources */,
			);
			buildRules = (
			);
			dependencies = (
				FA7D5C012C5EA05C00D20E45 /* PBXTargetDependency */,
			);
			name = RecetasAppUITests;
			productName = RecetasAppUITests;
			productReference = FA7D5BFF2C5EA05C00D20E45 /* RecetasAppUITests.xctest */;
			productType = "com.apple.product-type.bundle.ui-testing";
		};
/* End PBXNativeTarget section */

/* Begin PBXProject section */
		FA7D5BDD2C5EA05A00D20E45 /* Project object */ = {
			isa = PBXProject;
			attributes = {
				BuildIndependentTargetsInParallel = 1;
				LastSwiftUpdateCheck = 1510;
				LastUpgradeCheck = 1510;
				TargetAttributes = {
					FA7D5BE42C5EA05A00D20E45 = {
						CreatedOnToolsVersion = 15.1;
					};
					FA7D5BF42C5EA05C00D20E45 = {
						CreatedOnToolsVersion = 15.1;
						TestTargetID = FA7D5BE42C5EA05A00D20E45;
					};
					FA7D5BFE2C5EA05C00D20E45 = {
						CreatedOnToolsVersion = 15.1;
						TestTargetID = FA7D5BE42C5EA05A00D20E45;
					};
				};
			};
			buildConfigurationList = FA7D5BE02C5EA05A00D20E45 /* Build configuration list for PBXProject "RecetasApp" */;
			compatibilityVersion = "Xcode 14.0";
			developmentRegion = en;
			hasScannedForEncodings = 0;
			knownRegions = (
				en,
				Base,
			);
			mainGroup = FA7D5BDC2C5EA05A00D20E45;
			productRefGroup = FA7D5BE62C5EA05A00D20E45 /* Products */;
			projectDirPath = "";
			projectRoot = "";
			targets = (
				FA7D5BE42C5EA05A00D20E45 /* RecetasApp */,
				FA7D5BF42C5EA05C00D20E45 /* RecetasAppTests */,
				FA7D5BFE2C5EA05C00D20E45 /* RecetasAppUITests */,
			);
		};
/* End PBXProject section */

/* Begin PBXResourcesBuildPhase section */
		FA7D5BE32C5EA05A00D20E45 /* Resources */ = {
			isa = PBXResourcesBuildPhase;
			buildActionMask = 2147483647;
			files = (
				FA7D5BF02C5EA05B00D20E45 /* Preview Assets.xcassets in Resources */,
				FA7D5BED2C5EA05B00D20E45 /* Assets.xcassets in Resources */,
			);
			runOnlyForDeploymentPostprocessing = 0;
		};
		FA7D5BF32C5EA05C00D20E45 /* Resources */ = {
			isa = PBXResourcesBuildPhase;
			buildActionMask = 2147483647;
			files = (
			);
			runOnlyForDeploymentPostprocessing = 0;
		};
		FA7D5BFD2C5EA05C00D20E45 /* Resources */ = {
			isa = PBXResourcesBuildPhase;
			buildActionMask = 2147483647;
			files = (
			);
			runOnlyForDeploymentPostprocessing = 0;
		};
/* End PBXResourcesBuildPhase section */

/* Begin PBXShellScriptBuildPhase section */
		3DB9BA57183AD78CD5E48A3E /* [CP] Check Pods Manifest.lock */ = {
			isa = PBXShellScriptBuildPhase;
			buildActionMask = 2147483647;
			files = (
			);
			inputFileListPaths = (
			);
			inputPaths = (
				"${PODS_PODFILE_DIR_PATH}/Podfile.lock",
				"${PODS_ROOT}/Manifest.lock",
			);
			name = "[CP] Check Pods Manifest.lock";
			outputFileListPaths = (
			);
			outputPaths = (
				"$(DERIVED_FILE_DIR)/Pods-RecetasApp-RecetasAppUITests-checkManifestLockResult.txt",
			);
			runOnlyForDeploymentPostprocessing = 0;
			shellPath = /bin/sh;
			shellScript = "diff \"${PODS_PODFILE_DIR_PATH}/Podfile.lock\" \"${PODS_ROOT}/Manifest.lock\" > /dev/null\nif [ $? != 0 ] ; then\n    # print error to STDERR\n    echo \"error: The sandbox is not in sync with the Podfile.lock. Run 'pod install' or update your CocoaPods installation.\" >&2\n    exit 1\nfi\n# This output is used by Xcode 'outputs' to avoid re-running this script phase.\necho \"SUCCESS\" > \"${SCRIPT_OUTPUT_FILE_0}\"\n";
			showEnvVarsInLog = 0;
		};
		A44B5C53E60EA44E96F73AA3 /* [CP] Check Pods Manifest.lock */ = {
			isa = PBXShellScriptBuildPhase;
			buildActionMask = 2147483647;
			files = (
			);
			inputFileListPaths = (
			);
			inputPaths = (
				"${PODS_PODFILE_DIR_PATH}/Podfile.lock",
				"${PODS_ROOT}/Manifest.lock",
			);
			name = "[CP] Check Pods Manifest.lock";
			outputFileListPaths = (
			);
			outputPaths = (
				"$(DERIVED_FILE_DIR)/Pods-RecetasAppTests-checkManifestLockResult.txt",
			);
			runOnlyForDeploymentPostprocessing = 0;
			shellPath = /bin/sh;
			shellScript = "diff \"${PODS_PODFILE_DIR_PATH}/Podfile.lock\" \"${PODS_ROOT}/Manifest.lock\" > /dev/null\nif [ $? != 0 ] ; then\n    # print error to STDERR\n    echo \"error: The sandbox is not in sync with the Podfile.lock. Run 'pod install' or update your CocoaPods installation.\" >&2\n    exit 1\nfi\n# This output is used by Xcode 'outputs' to avoid re-running this script phase.\necho \"SUCCESS\" > \"${SCRIPT_OUTPUT_FILE_0}\"\n";
			showEnvVarsInLog = 0;
		};
		F06CC4A8670BB3EDD115F5AB /* [CP] Check Pods Manifest.lock */ = {
			isa = PBXShellScriptBuildPhase;
			buildActionMask = 2147483647;
			files = (
			);
			inputFileListPaths = (
			);
			inputPaths = (
				"${PODS_PODFILE_DIR_PATH}/Podfile.lock",
				"${PODS_ROOT}/Manifest.lock",
			);
			name = "[CP] Check Pods Manifest.lock";
			outputFileListPaths = (
			);
			outputPaths = (
				"$(DERIVED_FILE_DIR)/Pods-RecetasApp-checkManifestLockResult.txt",
			);
			runOnlyForDeploymentPostprocessing = 0;
			shellPath = /bin/sh;
			shellScript = "diff \"${PODS_PODFILE_DIR_PATH}/Podfile.lock\" \"${PODS_ROOT}/Manifest.lock\" > /dev/null\nif [ $? != 0 ] ; then\n    # print error to STDERR\n    echo \"error: The sandbox is not in sync with the Podfile.lock. Run 'pod install' or update your CocoaPods installation.\" >&2\n    exit 1\nfi\n# This output is used by Xcode 'outputs' to avoid re-running this script phase.\necho \"SUCCESS\" > \"${SCRIPT_OUTPUT_FILE_0}\"\n";
			showEnvVarsInLog = 0;
		};
/* End PBXShellScriptBuildPhase section */

/* Begin PBXSourcesBuildPhase section */
		FA7D5BE12C5EA05A00D20E45 /* Sources */ = {
			isa = PBXSourcesBuildPhase;
			buildActionMask = 2147483647;
			files = (
				FA6483F02C619F6B001C4722 /* Receta.swift in Sources */,
				FA6483E92C619CC0001C4722 /* ErrorResponse.swift in Sources */,
				FA6483EE2C619E61001C4722 /* RecetaRepository.swift in Sources */,
				FA13D81C2C6158C500EE623D /* HomeScreenView.swift in Sources */,
				FA6483E22C6196A0001C4722 /* RecetasWebService.swift in Sources */,
				FA6483E72C619853001C4722 /* RecetaResponse.swift in Sources */,
				FA7D5BE92C5EA05A00D20E45 /* RecetasAppApp.swift in Sources */,
			);
			runOnlyForDeploymentPostprocessing = 0;
		};
		FA7D5BF12C5EA05C00D20E45 /* Sources */ = {
			isa = PBXSourcesBuildPhase;
			buildActionMask = 2147483647;
			files = (
				FA7D5BFA2C5EA05C00D20E45 /* RecetasAppTests.swift in Sources */,
			);
			runOnlyForDeploymentPostprocessing = 0;
		};
		FA7D5BFB2C5EA05C00D20E45 /* Sources */ = {
			isa = PBXSourcesBuildPhase;
			buildActionMask = 2147483647;
			files = (
				FA7D5C062C5EA05C00D20E45 /* RecetasAppUITestsLaunchTests.swift in Sources */,
				FA7D5C042C5EA05C00D20E45 /* RecetasAppUITests.swift in Sources */,
			);
			runOnlyForDeploymentPostprocessing = 0;
		};
/* End PBXSourcesBuildPhase section */

/* Begin PBXTargetDependency section */
		FA7D5BF72C5EA05C00D20E45 /* PBXTargetDependency */ = {
			isa = PBXTargetDependency;
			target = FA7D5BE42C5EA05A00D20E45 /* RecetasApp */;
			targetProxy = FA7D5BF62C5EA05C00D20E45 /* PBXContainerItemProxy */;
		};
		FA7D5C012C5EA05C00D20E45 /* PBXTargetDependency */ = {
			isa = PBXTargetDependency;
			target = FA7D5BE42C5EA05A00D20E45 /* RecetasApp */;
			targetProxy = FA7D5C002C5EA05C00D20E45 /* PBXContainerItemProxy */;
		};
/* End PBXTargetDependency section */

/* Begin XCBuildConfiguration section */
		FA7D5C072C5EA05C00D20E45 /* Debug */ = {
			isa = XCBuildConfiguration;
			buildSettings = {
				ALWAYS_SEARCH_USER_PATHS = NO;
				ASSETCATALOG_COMPILER_GENERATE_SWIFT_ASSET_SYMBOL_EXTENSIONS = YES;
				CLANG_ANALYZER_NONNULL = YES;
				CLANG_ANALYZER_NUMBER_OBJECT_CONVERSION = YES_AGGRESSIVE;
				CLANG_CXX_LANGUAGE_STANDARD = "gnu++20";
				CLANG_ENABLE_MODULES = YES;
				CLANG_ENABLE_OBJC_ARC = YES;
				CLANG_ENABLE_OBJC_WEAK = YES;
				CLANG_WARN_BLOCK_CAPTURE_AUTORELEASING = YES;
				CLANG_WARN_BOOL_CONVERSION = YES;
				CLANG_WARN_COMMA = YES;
				CLANG_WARN_CONSTANT_CONVERSION = YES;
				CLANG_WARN_DEPRECATED_OBJC_IMPLEMENTATIONS = YES;
				CLANG_WARN_DIRECT_OBJC_ISA_USAGE = YES_ERROR;
				CLANG_WARN_DOCUMENTATION_COMMENTS = YES;
				CLANG_WARN_EMPTY_BODY = YES;
				CLANG_WARN_ENUM_CONVERSION = YES;
				CLANG_WARN_INFINITE_RECURSION = YES;
				CLANG_WARN_INT_CONVERSION = YES;
				CLANG_WARN_NON_LITERAL_NULL_CONVERSION = YES;
				CLANG_WARN_OBJC_IMPLICIT_RETAIN_SELF = YES;
				CLANG_WARN_OBJC_LITERAL_CONVERSION = YES;
				CLANG_WARN_OBJC_ROOT_CLASS = YES_ERROR;
				CLANG_WARN_QUOTED_INCLUDE_IN_FRAMEWORK_HEADER = YES;
				CLANG_WARN_RANGE_LOOP_ANALYSIS = YES;
				CLANG_WARN_STRICT_PROTOTYPES = YES;
				CLANG_WARN_SUSPICIOUS_MOVE = YES;
				CLANG_WARN_UNGUARDED_AVAILABILITY = YES_AGGRESSIVE;
				CLANG_WARN_UNREACHABLE_CODE = YES;
				CLANG_WARN__DUPLICATE_METHOD_MATCH = YES;
				COPY_PHASE_STRIP = NO;
				DEBUG_INFORMATION_FORMAT = dwarf;
				ENABLE_STRICT_OBJC_MSGSEND = YES;
				ENABLE_TESTABILITY = YES;
				ENABLE_USER_SCRIPT_SANDBOXING = YES;
				GCC_C_LANGUAGE_STANDARD = gnu17;
				GCC_DYNAMIC_NO_PIC = NO;
				GCC_NO_COMMON_BLOCKS = YES;
				GCC_OPTIMIZATION_LEVEL = 0;
				GCC_PREPROCESSOR_DEFINITIONS = (
					"DEBUG=1",
					"$(inherited)",
				);
				GCC_WARN_64_TO_32_BIT_CONVERSION = YES;
				GCC_WARN_ABOUT_RETURN_TYPE = YES_ERROR;
				GCC_WARN_UNDECLARED_SELECTOR = YES;
				GCC_WARN_UNINITIALIZED_AUTOS = YES_AGGRESSIVE;
				GCC_WARN_UNUSED_FUNCTION = YES;
				GCC_WARN_UNUSED_VARIABLE = YES;
				IPHONEOS_DEPLOYMENT_TARGET = 15.0;
				LOCALIZATION_PREFERS_STRING_CATALOGS = YES;
				MTL_ENABLE_DEBUG_INFO = INCLUDE_SOURCE;
				MTL_FAST_MATH = YES;
				ONLY_ACTIVE_ARCH = YES;
				SDKROOT = iphoneos;
				SWIFT_ACTIVE_COMPILATION_CONDITIONS = "DEBUG $(inherited)";
				SWIFT_OPTIMIZATION_LEVEL = "-Onone";
			};
			name = Debug;
		};
		FA7D5C082C5EA05C00D20E45 /* Release */ = {
			isa = XCBuildConfiguration;
			buildSettings = {
				ALWAYS_SEARCH_USER_PATHS = NO;
				ASSETCATALOG_COMPILER_GENERATE_SWIFT_ASSET_SYMBOL_EXTENSIONS = YES;
				CLANG_ANALYZER_NONNULL = YES;
				CLANG_ANALYZER_NUMBER_OBJECT_CONVERSION = YES_AGGRESSIVE;
				CLANG_CXX_LANGUAGE_STANDARD = "gnu++20";
				CLANG_ENABLE_MODULES = YES;
				CLANG_ENABLE_OBJC_ARC = YES;
				CLANG_ENABLE_OBJC_WEAK = YES;
				CLANG_WARN_BLOCK_CAPTURE_AUTORELEASING = YES;
				CLANG_WARN_BOOL_CONVERSION = YES;
				CLANG_WARN_COMMA = YES;
				CLANG_WARN_CONSTANT_CONVERSION = YES;
				CLANG_WARN_DEPRECATED_OBJC_IMPLEMENTATIONS = YES;
				CLANG_WARN_DIRECT_OBJC_ISA_USAGE = YES_ERROR;
				CLANG_WARN_DOCUMENTATION_COMMENTS = YES;
				CLANG_WARN_EMPTY_BODY = YES;
				CLANG_WARN_ENUM_CONVERSION = YES;
				CLANG_WARN_INFINITE_RECURSION = YES;
				CLANG_WARN_INT_CONVERSION = YES;
				CLANG_WARN_NON_LITERAL_NULL_CONVERSION = YES;
				CLANG_WARN_OBJC_IMPLICIT_RETAIN_SELF = YES;
				CLANG_WARN_OBJC_LITERAL_CONVERSION = YES;
				CLANG_WARN_OBJC_ROOT_CLASS = YES_ERROR;
				CLANG_WARN_QUOTED_INCLUDE_IN_FRAMEWORK_HEADER = YES;
				CLANG_WARN_RANGE_LOOP_ANALYSIS = YES;
				CLANG_WARN_STRICT_PROTOTYPES = YES;
				CLANG_WARN_SUSPICIOUS_MOVE = YES;
				CLANG_WARN_UNGUARDED_AVAILABILITY = YES_AGGRESSIVE;
				CLANG_WARN_UNREACHABLE_CODE = YES;
				CLANG_WARN__DUPLICATE_METHOD_MATCH = YES;
				COPY_PHASE_STRIP = NO;
				DEBUG_INFORMATION_FORMAT = "dwarf-with-dsym";
				ENABLE_NS_ASSERTIONS = NO;
				ENABLE_STRICT_OBJC_MSGSEND = YES;
				ENABLE_USER_SCRIPT_SANDBOXING = YES;
				GCC_C_LANGUAGE_STANDARD = gnu17;
				GCC_NO_COMMON_BLOCKS = YES;
				GCC_WARN_64_TO_32_BIT_CONVERSION = YES;
				GCC_WARN_ABOUT_RETURN_TYPE = YES_ERROR;
				GCC_WARN_UNDECLARED_SELECTOR = YES;
				GCC_WARN_UNINITIALIZED_AUTOS = YES_AGGRESSIVE;
				GCC_WARN_UNUSED_FUNCTION = YES;
				GCC_WARN_UNUSED_VARIABLE = YES;
				IPHONEOS_DEPLOYMENT_TARGET = 15.0;
				LOCALIZATION_PREFERS_STRING_CATALOGS = YES;
				MTL_ENABLE_DEBUG_INFO = NO;
				MTL_FAST_MATH = YES;
				SDKROOT = iphoneos;
				SWIFT_COMPILATION_MODE = wholemodule;
				VALIDATE_PRODUCT = YES;
			};
			name = Release;
		};
		FA7D5C0A2C5EA05C00D20E45 /* Debug */ = {
			isa = XCBuildConfiguration;
			baseConfigurationReference = F1DCB9C84460B3A571D2FCE1 /* Pods-RecetasApp.debug.xcconfig */;
			buildSettings = {
				ASSETCATALOG_COMPILER_APPICON_NAME = AppIcon;
				ASSETCATALOG_COMPILER_GLOBAL_ACCENT_COLOR_NAME = AccentColor;
				ASSETCATALOG_COMPILER_INCLUDE_ALL_APPICON_ASSETS = NO;
				CODE_SIGN_STYLE = Automatic;
				CURRENT_PROJECT_VERSION = 1;
				DEVELOPMENT_ASSET_PATHS = "\"RecetasApp/Preview Content\"";
				DEVELOPMENT_TEAM = H9JXH336V5;
				ENABLE_PREVIEWS = YES;
				GENERATE_INFOPLIST_FILE = YES;
				INFOPLIST_KEY_UIApplicationSceneManifest_Generation = YES;
				INFOPLIST_KEY_UIApplicationSupportsIndirectInputEvents = YES;
				INFOPLIST_KEY_UILaunchScreen_Generation = YES;
				INFOPLIST_KEY_UILaunchStoryboardName = "";
				INFOPLIST_KEY_UISupportedInterfaceOrientations = "UIInterfaceOrientationLandscapeLeft UIInterfaceOrientationLandscapeRight UIInterfaceOrientationPortrait";
				INFOPLIST_KEY_UISupportedInterfaceOrientations_iPad = "UIInterfaceOrientationLandscapeLeft UIInterfaceOrientationLandscapeRight UIInterfaceOrientationPortrait UIInterfaceOrientationPortraitUpsideDown";
				LD_RUNPATH_SEARCH_PATHS = (
					"$(inherited)",
					"@executable_path/Frameworks",
				);
				MARKETING_VERSION = 1.0;
				PRODUCT_BUNDLE_IDENTIFIER = com.ronaldoswift.RecetasApp;
				PRODUCT_NAME = "$(TARGET_NAME)";
				SUPPORTED_PLATFORMS = "iphoneos iphonesimulator";
				SUPPORTS_MACCATALYST = NO;
				SUPPORTS_MAC_DESIGNED_FOR_IPHONE_IPAD = NO;
				SWIFT_EMIT_LOC_STRINGS = YES;
				SWIFT_VERSION = 5.0;
				TARGETED_DEVICE_FAMILY = 1;
			};
			name = Debug;
		};
		FA7D5C0B2C5EA05C00D20E45 /* Release */ = {
			isa = XCBuildConfiguration;
			baseConfigurationReference = 73CB1A279159D0CC1B1B9616 /* Pods-RecetasApp.release.xcconfig */;
			buildSettings = {
				ASSETCATALOG_COMPILER_APPICON_NAME = AppIcon;
				ASSETCATALOG_COMPILER_GLOBAL_ACCENT_COLOR_NAME = AccentColor;
				ASSETCATALOG_COMPILER_INCLUDE_ALL_APPICON_ASSETS = NO;
				CODE_SIGN_STYLE = Automatic;
				CURRENT_PROJECT_VERSION = 1;
				DEVELOPMENT_ASSET_PATHS = "\"RecetasApp/Preview Content\"";
				DEVELOPMENT_TEAM = H9JXH336V5;
				ENABLE_PREVIEWS = YES;
				GENERATE_INFOPLIST_FILE = YES;
				INFOPLIST_KEY_UIApplicationSceneManifest_Generation = YES;
				INFOPLIST_KEY_UIApplicationSupportsIndirectInputEvents = YES;
				INFOPLIST_KEY_UILaunchScreen_Generation = YES;
				INFOPLIST_KEY_UILaunchStoryboardName = "";
				INFOPLIST_KEY_UISupportedInterfaceOrientations = "UIInterfaceOrientationLandscapeLeft UIInterfaceOrientationLandscapeRight UIInterfaceOrientationPortrait";
				INFOPLIST_KEY_UISupportedInterfaceOrientations_iPad = "UIInterfaceOrientationLandscapeLeft UIInterfaceOrientationLandscapeRight UIInterfaceOrientationPortrait UIInterfaceOrientationPortraitUpsideDown";
				LD_RUNPATH_SEARCH_PATHS = (
					"$(inherited)",
					"@executable_path/Frameworks",
				);
				MARKETING_VERSION = 1.0;
				PRODUCT_BUNDLE_IDENTIFIER = com.ronaldoswift.RecetasApp;
				PRODUCT_NAME = "$(TARGET_NAME)";
				SUPPORTED_PLATFORMS = "iphoneos iphonesimulator";
				SUPPORTS_MACCATALYST = NO;
				SUPPORTS_MAC_DESIGNED_FOR_IPHONE_IPAD = NO;
				SWIFT_EMIT_LOC_STRINGS = YES;
				SWIFT_VERSION = 5.0;
				TARGETED_DEVICE_FAMILY = 1;
			};
			name = Release;
		};
		FA7D5C0D2C5EA05C00D20E45 /* Debug */ = {
			isa = XCBuildConfiguration;
			baseConfigurationReference = FE2A54BBE62DD8D5500DB41A /* Pods-RecetasAppTests.debug.xcconfig */;
			buildSettings = {
				ALWAYS_EMBED_SWIFT_STANDARD_LIBRARIES = YES;
				BUNDLE_LOADER = "$(TEST_HOST)";
				CODE_SIGN_STYLE = Automatic;
				CURRENT_PROJECT_VERSION = 1;
				DEVELOPMENT_TEAM = H9JXH336V5;
				GENERATE_INFOPLIST_FILE = YES;
				IPHONEOS_DEPLOYMENT_TARGET = 15.0;
				MARKETING_VERSION = 1.0;
				PRODUCT_BUNDLE_IDENTIFIER = com.ronaldoswift.RecetasAppTests;
				PRODUCT_NAME = "$(TARGET_NAME)";
				SUPPORTED_PLATFORMS = "iphoneos iphonesimulator";
				SUPPORTS_MACCATALYST = NO;
				SUPPORTS_MAC_DESIGNED_FOR_IPHONE_IPAD = NO;
				SWIFT_EMIT_LOC_STRINGS = NO;
				SWIFT_VERSION = 5.0;
				TARGETED_DEVICE_FAMILY = 1;
				TEST_HOST = "$(BUILT_PRODUCTS_DIR)/RecetasApp.app/$(BUNDLE_EXECUTABLE_FOLDER_PATH)/RecetasApp";
			};
			name = Debug;
		};
		FA7D5C0E2C5EA05C00D20E45 /* Release */ = {
			isa = XCBuildConfiguration;
			baseConfigurationReference = FB3EE01046F82A0974706C2B /* Pods-RecetasAppTests.release.xcconfig */;
			buildSettings = {
				ALWAYS_EMBED_SWIFT_STANDARD_LIBRARIES = YES;
				BUNDLE_LOADER = "$(TEST_HOST)";
				CODE_SIGN_STYLE = Automatic;
				CURRENT_PROJECT_VERSION = 1;
				DEVELOPMENT_TEAM = H9JXH336V5;
				GENERATE_INFOPLIST_FILE = YES;
				IPHONEOS_DEPLOYMENT_TARGET = 15.0;
				MARKETING_VERSION = 1.0;
				PRODUCT_BUNDLE_IDENTIFIER = com.ronaldoswift.RecetasAppTests;
				PRODUCT_NAME = "$(TARGET_NAME)";
				SUPPORTED_PLATFORMS = "iphoneos iphonesimulator";
				SUPPORTS_MACCATALYST = NO;
				SUPPORTS_MAC_DESIGNED_FOR_IPHONE_IPAD = NO;
				SWIFT_EMIT_LOC_STRINGS = NO;
				SWIFT_VERSION = 5.0;
				TARGETED_DEVICE_FAMILY = 1;
				TEST_HOST = "$(BUILT_PRODUCTS_DIR)/RecetasApp.app/$(BUNDLE_EXECUTABLE_FOLDER_PATH)/RecetasApp";
			};
			name = Release;
		};
		FA7D5C102C5EA05C00D20E45 /* Debug */ = {
			isa = XCBuildConfiguration;
			baseConfigurationReference = ACEEFCBDFF82C7D7B212ECC8 /* Pods-RecetasApp-RecetasAppUITests.debug.xcconfig */;
			buildSettings = {
				ALWAYS_EMBED_SWIFT_STANDARD_LIBRARIES = YES;
				CODE_SIGN_STYLE = Automatic;
				CURRENT_PROJECT_VERSION = 1;
				DEVELOPMENT_TEAM = H9JXH336V5;
				GENERATE_INFOPLIST_FILE = YES;
				MARKETING_VERSION = 1.0;
				PRODUCT_BUNDLE_IDENTIFIER = com.ronaldoswift.RecetasAppUITests;
				PRODUCT_NAME = "$(TARGET_NAME)";
				SUPPORTED_PLATFORMS = "iphoneos iphonesimulator";
				SUPPORTS_MACCATALYST = NO;
				SUPPORTS_MAC_DESIGNED_FOR_IPHONE_IPAD = NO;
				SWIFT_EMIT_LOC_STRINGS = NO;
				SWIFT_VERSION = 5.0;
				TARGETED_DEVICE_FAMILY = 1;
				TEST_TARGET_NAME = RecetasApp;
			};
			name = Debug;
		};
		FA7D5C112C5EA05C00D20E45 /* Release */ = {
			isa = XCBuildConfiguration;
			baseConfigurationReference = A2B52D18F39FEB9DD7F1F15E /* Pods-RecetasApp-RecetasAppUITests.release.xcconfig */;
			buildSettings = {
				ALWAYS_EMBED_SWIFT_STANDARD_LIBRARIES = YES;
				CODE_SIGN_STYLE = Automatic;
				CURRENT_PROJECT_VERSION = 1;
				DEVELOPMENT_TEAM = H9JXH336V5;
				GENERATE_INFOPLIST_FILE = YES;
				MARKETING_VERSION = 1.0;
				PRODUCT_BUNDLE_IDENTIFIER = com.ronaldoswift.RecetasAppUITests;
				PRODUCT_NAME = "$(TARGET_NAME)";
				SUPPORTED_PLATFORMS = "iphoneos iphonesimulator";
				SUPPORTS_MACCATALYST = NO;
				SUPPORTS_MAC_DESIGNED_FOR_IPHONE_IPAD = NO;
				SWIFT_EMIT_LOC_STRINGS = NO;
				SWIFT_VERSION = 5.0;
				TARGETED_DEVICE_FAMILY = 1;
				TEST_TARGET_NAME = RecetasApp;
			};
			name = Release;
		};
/* End XCBuildConfiguration section */

/* Begin XCConfigurationList section */
		FA7D5BE02C5EA05A00D20E45 /* Build configuration list for PBXProject "RecetasApp" */ = {
			isa = XCConfigurationList;
			buildConfigurations = (
				FA7D5C072C5EA05C00D20E45 /* Debug */,
				FA7D5C082C5EA05C00D20E45 /* Release */,
			);
			defaultConfigurationIsVisible = 0;
			defaultConfigurationName = Release;
		};
		FA7D5C092C5EA05C00D20E45 /* Build configuration list for PBXNativeTarget "RecetasApp" */ = {
			isa = XCConfigurationList;
			buildConfigurations = (
				FA7D5C0A2C5EA05C00D20E45 /* Debug */,
				FA7D5C0B2C5EA05C00D20E45 /* Release */,
			);
			defaultConfigurationIsVisible = 0;
			defaultConfigurationName = Release;
		};
		FA7D5C0C2C5EA05C00D20E45 /* Build configuration list for PBXNativeTarget "RecetasAppTests" */ = {
			isa = XCConfigurationList;
			buildConfigurations = (
				FA7D5C0D2C5EA05C00D20E45 /* Debug */,
				FA7D5C0E2C5EA05C00D20E45 /* Release */,
			);
			defaultConfigurationIsVisible = 0;
			defaultConfigurationName = Release;
		};
		FA7D5C0F2C5EA05C00D20E45 /* Build configuration list for PBXNativeTarget "RecetasAppUITests" */ = {
			isa = XCConfigurationList;
			buildConfigurations = (
				FA7D5C102C5EA05C00D20E45 /* Debug */,
				FA7D5C112C5EA05C00D20E45 /* Release */,
			);
			defaultConfigurationIsVisible = 0;
			defaultConfigurationName = Release;
		};
/* End XCConfigurationList section */
	};
	rootObject = FA7D5BDD2C5EA05A00D20E45 /* Project object */;
}
